// !$*UTF8*$!
{
	archiveVersion = 1;
	classes = {
	};
	objectVersion = 46;
	objects = {

/* Begin PBXBuildFile section */
		0207DA581B56EA530066E2B4 /* Images.xcassets in Resources */ = {isa = PBXBuildFile; fileRef = 0207DA571B56EA530066E2B4 /* Images.xcassets */; };
		0350AA645B314DFC9BD21A03 /* EventKit.framework in Frameworks */ = {isa = PBXBuildFile; fileRef = B511BA67A7214AF5AEC2B459 /* EventKit.framework */; };
		0404E03521F4428980640E1F /* libsqlite3.dylib in Frameworks */ = {isa = PBXBuildFile; fileRef = 310FAD4391D143AFB2B9A3F4 /* libsqlite3.dylib */; };
		09160C696B124DBF9ED2B3E3 /* WebKit.framework in Frameworks */ = {isa = PBXBuildFile; fileRef = 7E766026AC0C4714BEF405EB /* WebKit.framework */; };
		0A0B6976921A4B08B42777DA /* appodeal_pattern.png in Resources */ = {isa = PBXBuildFile; fileRef = FAF2D6710418462D831A5619 /* appodeal_pattern.png */; };
		0AABD44AF0ED4B0D86090D20 /* MPCloseButtonX@3x.png in Resources */ = {isa = PBXBuildFile; fileRef = 9AB9DA34022F47DDBB6C98A9 /* MPCloseButtonX@3x.png */; };
		0C400BB913954FF29497ECED /* MRAID.bundle in Resources */ = {isa = PBXBuildFile; fileRef = 98938E0E85CE405495806C3E /* MRAID.bundle */; };
		0D4C2FAEE6C64AB882681A3B /* CFNetwork.framework in Frameworks */ = {isa = PBXBuildFile; fileRef = 570D4FAD82854AB1B0BE2F2B /* CFNetwork.framework */; };
		0D90EC07BBDD420DA80C2FA1 /* FileUtility.m in Sources */ = {isa = PBXBuildFile; fileRef = DE4F5C29646344A8B730C1A9 /* FileUtility.m */; };
		13AE515ED4BE4F439F7EA914 /* MPDAAIcon.png in Resources */ = {isa = PBXBuildFile; fileRef = 3178A6519CFD451783E140F1 /* MPDAAIcon.png */; };
		18EE44ED44CA467C8B05431C /* MPUnmutedBtn@1x.png in Resources */ = {isa = PBXBuildFile; fileRef = FA1902255FCA43A9978276F1 /* MPUnmutedBtn@1x.png */; };
		1B131569BE8C4375A42390C7 /* QuartzCore.framework in Frameworks */ = {isa = PBXBuildFile; fileRef = 2765A20E822843C7B8F75685 /* QuartzCore.framework */; };
		1BE7D7DF84F1451AA3D890D1 /* AppodealPlugin.m in Sources */ = {isa = PBXBuildFile; fileRef = 5B200A9C78DC4E81903D1637 /* AppodealPlugin.m */; };
		1CE7F25B02D14B5D8C954302 /* MPDAAIcon@2x.png in Resources */ = {isa = PBXBuildFile; fileRef = B0F365A23AA94C1DA5FE7765 /* MPDAAIcon@2x.png */; };
		1D3623260D0F684500981E51 /* AppDelegate.m in Sources */ = {isa = PBXBuildFile; fileRef = 1D3623250D0F684500981E51 /* AppDelegate.m */; };
		1D60589B0D05DD56006BFB54 /* main.m in Sources */ = {isa = PBXBuildFile; fileRef = 29B97316FDCFA39411CA2CEA /* main.m */; };
		1DD4E723DC904793BFC54A74 /* APPLocalNotification.m in Sources */ = {isa = PBXBuildFile; fileRef = 437498890246465BB3F58157 /* APPLocalNotification.m */; };
		1F65A55451454D8CB68B7B8F /* APPLocalNotificationOptions.m in Sources */ = {isa = PBXBuildFile; fileRef = 9DF3FEA172F8446F894BA34A /* APPLocalNotificationOptions.m */; };
		2014EB6AB78C42798E77FA39 /* MPUnmutedBtn@3x.png in Resources */ = {isa = PBXBuildFile; fileRef = 5AF3E17F529F4E76B265453A /* MPUnmutedBtn@3x.png */; };
		27DCC834653F43ECB7AE1DAF /* appodeal_mute_off.png in Resources */ = {isa = PBXBuildFile; fileRef = 29D0DBE08F6247CA88F8F044 /* appodeal_mute_off.png */; };
		29EA12F3E0DF4404A3CD0A81 /* libc++.dylib in Frameworks */ = {isa = PBXBuildFile; fileRef = C8506C25B3AE4563929A4587 /* libc++.dylib */; };
		2CA333B5247C4A9FA1DC7FDD /* UniversalAnalyticsPlugin.m in Sources */ = {isa = PBXBuildFile; fileRef = 085FAC4327054336B3F59726 /* UniversalAnalyticsPlugin.m */; };
		2E39A12979694904A40E36E7 /* CDVLogger.m in Sources */ = {isa = PBXBuildFile; fileRef = 970EC00ED9334A149C5D477F /* CDVLogger.m */; };
		2F9757E92D1940B1A6E90BF3 /* Security.framework in Frameworks */ = {isa = PBXBuildFile; fileRef = BF581E2AEF1C419A993678FF /* Security.framework */; };
		301BF552109A68D80062928A /* libCordova.a in Frameworks */ = {isa = PBXBuildFile; fileRef = 301BF535109A57CC0062928A /* libCordova.a */; };
		302D95F114D2391D003F00A1 /* MainViewController.m in Sources */ = {isa = PBXBuildFile; fileRef = 302D95EF14D2391D003F00A1 /* MainViewController.m */; };
		302D95F214D2391D003F00A1 /* MainViewController.xib in Resources */ = {isa = PBXBuildFile; fileRef = 302D95F014D2391D003F00A1 /* MainViewController.xib */; };
		3047A5121AB8059700498E2A /* build-debug.xcconfig in Resources */ = {isa = PBXBuildFile; fileRef = 3047A50F1AB8059700498E2A /* build-debug.xcconfig */; };
		3047A5131AB8059700498E2A /* build-release.xcconfig in Resources */ = {isa = PBXBuildFile; fileRef = 3047A5101AB8059700498E2A /* build-release.xcconfig */; };
		3047A5141AB8059700498E2A /* build.xcconfig in Resources */ = {isa = PBXBuildFile; fileRef = 3047A5111AB8059700498E2A /* build.xcconfig */; };
		3AA4B8EE3A94499990EAF67D /* SVProgressHUD.bundle in Resources */ = {isa = PBXBuildFile; fileRef = C0D753FAA35A4E468D1C6151 /* SVProgressHUD.bundle */; };
		43A15D906C7B4A41BB04C4C7 /* MPPlayBtn@2x.png in Resources */ = {isa = PBXBuildFile; fileRef = 7CED2304B3D945EDADF872CD /* MPPlayBtn@2x.png */; };
		4490C2704ADF4EBC96F2B525 /* MPUnmutedBtn@2x.png in Resources */ = {isa = PBXBuildFile; fileRef = 09EA715FF0F646ABACAD48B9 /* MPUnmutedBtn@2x.png */; };
		489E01073524477FBFF140F9 /* Appodeal.framework in Frameworks */ = {isa = PBXBuildFile; fileRef = 4CF0D2E020D741B89E3B64C5 /* Appodeal.framework */; };
		4E15AFA9590F4FD4A13422E7 /* MPAdBrowserController.nib in Resources */ = {isa = PBXBuildFile; fileRef = AD518505DF354246A1B458B9 /* MPAdBrowserController.nib */; };
		4E3CA8238E324E0996F53718 /* libz.dylib in Frameworks */ = {isa = PBXBuildFile; fileRef = 0C0A2AE881BF43FE871F3856 /* libz.dylib */; };
		505B5756F1684451B529CD8F /* MPMutedBtn@2x.png in Resources */ = {isa = PBXBuildFile; fileRef = 0E08903768BF40D997E15C6B /* MPMutedBtn@2x.png */; };
		5540A31F1C6DC892000F177F /* Bolts.framework in Frameworks */ = {isa = PBXBuildFile; fileRef = 5540A31E1C6DC892000F177F /* Bolts.framework */; };
		59521FDE4CCD4456848F70F1 /* AdSupport.framework in Frameworks */ = {isa = PBXBuildFile; fileRef = 1F948087B4FC4E1FAF22F9EF /* AdSupport.framework */; };
		5B7F6D52F00446FCAD306454 /* MPDAAIcon@3x.png in Resources */ = {isa = PBXBuildFile; fileRef = B3EB0717393F4FEF8C7B721F /* MPDAAIcon@3x.png */; };
		649A4E90B0AF4191A5ED0522 /* appodeal_mute_on.png in Resources */ = {isa = PBXBuildFile; fileRef = A090E72257F549CC86CE3094 /* appodeal_mute_on.png */; };
		6620051A73CA434484F5DC33 /* FBSDKShareKit.framework in Frameworks */ = {isa = PBXBuildFile; fileRef = 725F329C87BE4362A4793C7E /* FBSDKShareKit.framework */; };
		665890B0E2224C948DBE65E5 /* CDVFile.m in Sources */ = {isa = PBXBuildFile; fileRef = 8726DC5C480F4E7B94E861CA /* CDVFile.m */; };
		6A491B70D25F4907802A573E /* MPCloseButtonX.png in Resources */ = {isa = PBXBuildFile; fileRef = 498F23910E984B039621B179 /* MPCloseButtonX.png */; };
		7191412045FA423397C628D7 /* AppDelegate+APPRegisterUserNotificationSettings.m in Sources */ = {isa = PBXBuildFile; fileRef = F193C5BC83DF45678E42F5F7 /* AppDelegate+APPRegisterUserNotificationSettings.m */; };
		76529A1FAB584E97BD4DDDD1 /* FBSDKLoginKit.framework in Frameworks */ = {isa = PBXBuildFile; fileRef = 2344383E49964950BA0C704C /* FBSDKLoginKit.framework */; };
		7B7C2E5B3A5D48C88B702064 /* CordovaFacebook.m in Sources */ = {isa = PBXBuildFile; fileRef = 1A862B580AC54495A80C13F1 /* CordovaFacebook.m */; };
		7C159B0A1FD64921A97764B3 /* vg_mute_off.png in Resources */ = {isa = PBXBuildFile; fileRef = 252C6B11FBAE4BA0A4B339BE /* vg_mute_off.png */; };
		7FCD3E868C864AF2978E0855 /* UILocalNotification+APPLocalNotification.m in Sources */ = {isa = PBXBuildFile; fileRef = 052CFBC1FEEF460794EA6759 /* UILocalNotification+APPLocalNotification.m */; };
		82C347ED5F03432A8E15F3DA /* MPCloseBtn.png in Resources */ = {isa = PBXBuildFile; fileRef = 6B110B2ABAF44EBD8F3BDBFA /* MPCloseBtn.png */; };
		83670469423244F9B8BE3526 /* CDVInAppBrowser.m in Sources */ = {isa = PBXBuildFile; fileRef = A38ED373DB4B49388A20C67F /* CDVInAppBrowser.m */; };
		859955DECFBE4E11AB155283 /* InAppPurchase.m in Sources */ = {isa = PBXBuildFile; fileRef = A1101A8C3E0D4D7DA9EC5ECF /* InAppPurchase.m */; };
		86AFB54512404260B5880ABA /* Twitter.framework in Frameworks */ = {isa = PBXBuildFile; fileRef = 8E09CB0EB03F41A68D192D85 /* Twitter.framework */; };
		8701E9DA5C634E27B8CF968D /* appodeal_daa_icon.png in Resources */ = {isa = PBXBuildFile; fileRef = 2BA45B2156164A2DB49B1C67 /* appodeal_daa_icon.png */; };
		8A4989A9B54B4B8B8DDAE3DA /* CDVDevice.m in Sources */ = {isa = PBXBuildFile; fileRef = 72C7CFE6B2044227B3D37553 /* CDVDevice.m */; };
		8BD719E8A4E346EC97A48AE5 /* CoreData.framework in Frameworks */ = {isa = PBXBuildFile; fileRef = 9EDC38ECDDA1432A8F643249 /* CoreData.framework */; };
		8E8C0DD0FE46488884A6A5AD /* CoreMedia.framework in Frameworks */ = {isa = PBXBuildFile; fileRef = 6FBC67A939B64F98AAF37326 /* CoreMedia.framework */; };
		901AB315F92C46ACB50C1AA2 /* vg_mute_on.png in Resources */ = {isa = PBXBuildFile; fileRef = 6FFE60FC3A4C446BAA82C886 /* vg_mute_on.png */; };
		906C7351816545C4AEDCF52E /* MediaPlayer.framework in Frameworks */ = {isa = PBXBuildFile; fileRef = 61119D3DA586434787D77B8F /* MediaPlayer.framework */; };
		90EC9FD9B49441EEAFC0F217 /* AdManagerAssets.bundle in Resources */ = {isa = PBXBuildFile; fileRef = BCAD15DFB49349CAA3BD7B9B /* AdManagerAssets.bundle */; };
		911C0245A99244E19C6430D7 /* MPPlayBtn@3x.png in Resources */ = {isa = PBXBuildFile; fileRef = 48CB0C9E36B649709E3CCB32 /* MPPlayBtn@3x.png */; };
		9545DC84C1DF406390B8A635 /* CoreImage.framework in Frameworks */ = {isa = PBXBuildFile; fileRef = CAA13E252F79444FBF89DA15 /* CoreImage.framework */; };
		97333DE3B6AB45AFAECC6061 /* MessageUI.framework in Frameworks */ = {isa = PBXBuildFile; fileRef = 9ACA468E19DB4BD68B2EB51A /* MessageUI.framework */; };
		9CC536E89AC04B549A0C97A5 /* vg_cta.png in Resources */ = {isa = PBXBuildFile; fileRef = 7AC2F43BE5784CDE9B13CA0A /* vg_cta.png */; };
		9FC1D3C0C8584052AB02F69B /* AudioToolbox.framework in Frameworks */ = {isa = PBXBuildFile; fileRef = 3671FF8B8DBB4963BB45F3BA /* AudioToolbox.framework */; };
		A1477E33C9C24CDCBD34A6EF /* CoreLocation.framework in Frameworks */ = {isa = PBXBuildFile; fileRef = CE5203CB02D94AE89A8D7880 /* CoreLocation.framework */; };
		A263AE462EA143BA8D25F325 /* Social.framework in Frameworks */ = {isa = PBXBuildFile; fileRef = 07580954210042E795B8DE4D /* Social.framework */; };
		A40C766E5B914AE786C57BB4 /* CDVAssetLibraryFilesystem.m in Sources */ = {isa = PBXBuildFile; fileRef = AAEA72C1A72F4519A3169DBE /* CDVAssetLibraryFilesystem.m */; };
		ABF8843A26A14392BCB9F0F2 /* SystemConfiguration.framework in Frameworks */ = {isa = PBXBuildFile; fileRef = 859E685F866B4E93AC267962 /* SystemConfiguration.framework */; };
		B2435DFA989245C9AAD60846 /* SKProduct+LocalizedPrice.m in Sources */ = {isa = PBXBuildFile; fileRef = 326C2549A99E440C9534B59B /* SKProduct+LocalizedPrice.m */; };
		B35291C6637A47BD9E064271 /* MPCloseBtn@2x.png in Resources */ = {isa = PBXBuildFile; fileRef = 30C5358FC23A4784BDAB0A3D /* MPCloseBtn@2x.png */; };
		B3DDE8B600C846FEBF1A92D2 /* UnityAds.bundle in Resources */ = {isa = PBXBuildFile; fileRef = 7E93F78A05BE4621BBC2E304 /* UnityAds.bundle */; };
		B7A0E311696641D4B791EE6E /* MPMutedBtn@3x.png in Resources */ = {isa = PBXBuildFile; fileRef = F55118424D394B799A3664B4 /* MPMutedBtn@3x.png */; };
		BABFCCD2E9464EF9933CF62D /* CoreMotion.framework in Frameworks */ = {isa = PBXBuildFile; fileRef = 4F21BDAE1967479E94926D59 /* CoreMotion.framework */; };
		C32E6D8880314DD8AE346C47 /* vg_close.png in Resources */ = {isa = PBXBuildFile; fileRef = 16EAD41255A04A78A0776B62 /* vg_close.png */; };
		CBC0921778514ED2A36C12BC /* MPMutedBtn@1x.png in Resources */ = {isa = PBXBuildFile; fileRef = ACD793CDA0824A51A414DD42 /* MPMutedBtn@1x.png */; };
		CDE1552325924433A41F93F3 /* CDVViewController+SplashScreen.m in Sources */ = {isa = PBXBuildFile; fileRef = 4768A7044A034FC29A3F081A /* CDVViewController+SplashScreen.m */; };
		CDEFEDB16B594371B0B9B8DC /* appodeal_adbadge.png in Resources */ = {isa = PBXBuildFile; fileRef = C7176F512B02453B9E4EDAD4 /* appodeal_adbadge.png */; };
		CE0AA5DDCE7943BC8F5DB3CF /* StartApp.bundle in Resources */ = {isa = PBXBuildFile; fileRef = 1600EA2793DF41A6B0FD2408 /* StartApp.bundle */; };
		CEAC3C466ECE472ABE10209C /* vg_privacy.png in Resources */ = {isa = PBXBuildFile; fileRef = 0E8959827C324629AE5F0486 /* vg_privacy.png */; };
		D21FE4217A17443691CA0981 /* appodeal_adbadge@2x.png in Resources */ = {isa = PBXBuildFile; fileRef = 4A10CC1E293343F6BCF44AAB /* appodeal_adbadge@2x.png */; };
		D2E167CED7D2463884378124 /* MPPlayBtn.png in Resources */ = {isa = PBXBuildFile; fileRef = D9044525862E40B69B6C2E66 /* MPPlayBtn.png */; };
		D39EFC07DFEC43B5BF0D2592 /* __vungle.db in Resources */ = {isa = PBXBuildFile; fileRef = 80E0675C1DDA42728E4AA1B2 /* __vungle.db */; };
		D43D640E63EF4D68893E5E47 /* FBSDKCoreKit.framework in Frameworks */ = {isa = PBXBuildFile; fileRef = 069381DAD743466E870F1161 /* FBSDKCoreKit.framework */; };
		D8E749BA9E5A465C8C9F2D06 /* UIApplication+APPLocalNotification.m in Sources */ = {isa = PBXBuildFile; fileRef = 4AABACCFC4494D2EB70EAB15 /* UIApplication+APPLocalNotification.m */; };
		DA724731DBB840598115FB80 /* appodeal_close.png in Resources */ = {isa = PBXBuildFile; fileRef = 2AF1D408C510457D9BFF5163 /* appodeal_close.png */; };
		DB52A2585E55404A9FB4963D /* MPCloseButtonX@2x.png in Resources */ = {isa = PBXBuildFile; fileRef = 6C5987A3CFC54D19B492EDC3 /* MPCloseButtonX@2x.png */; };
		DC921FB52B7647C68B8444B8 /* CDVSplashScreen.m in Sources */ = {isa = PBXBuildFile; fileRef = CE0B9E98FA5A4E42BDDA39BD /* CDVSplashScreen.m */; };
		DD5833677A4C499D8FBDCC1F /* EventKitUI.framework in Frameworks */ = {isa = PBXBuildFile; fileRef = 077E262F61E94575A0CC7569 /* EventKitUI.framework */; };
		DE23648B97FB4D4C941B26A6 /* preferences.m in Sources */ = {isa = PBXBuildFile; fileRef = 661B4A18164C4A63A4DB5465 /* preferences.m */; };
		DE5E89E82712483FA11A1CA0 /* libGoogleAnalyticsServices.a in Frameworks */ = {isa = PBXBuildFile; fileRef = 3217A4968A2742FF8E8D05BB /* libGoogleAnalyticsServices.a */; };
		E2D341C35D83483D8888F22B /* appodeal_adbadge@3x.png in Resources */ = {isa = PBXBuildFile; fileRef = 8ECB54FDD5204FB1BB818103 /* appodeal_adbadge@3x.png */; };
		E5F2E6B2F01847FBBE517C24 /* CDVLocalFilesystem.m in Sources */ = {isa = PBXBuildFile; fileRef = AA4A2B1E301B42A896C8D1F5 /* CDVLocalFilesystem.m */; };
		E95B14BCEFE24334BC8520D2 /* CDVStatusBar.m in Sources */ = {isa = PBXBuildFile; fileRef = 98ED376E540C42999968D19C /* CDVStatusBar.m */; };
		EEA93942E5194325967D676D /* StoreKit.framework in Frameworks */ = {isa = PBXBuildFile; fileRef = 0A011F8B0A2D489E8BF3D703 /* StoreKit.framework */; };
		F00953EF62364DF399AE5197 /* UIKit.framework in Frameworks */ = {isa = PBXBuildFile; fileRef = 264392D9399B4106864DE9A0 /* UIKit.framework */; };
		F2C6BC9529EE44D68801477C /* MPCloseBtn@3x.png in Resources */ = {isa = PBXBuildFile; fileRef = 6B29746795334257AB725250 /* MPCloseBtn@3x.png */; };
		F464182573074E82A8E90EF8 /* AVFoundation.framework in Frameworks */ = {isa = PBXBuildFile; fileRef = 08A72CB047874C22BC5F10C8 /* AVFoundation.framework */; };
		F57A7B7BB86B49DA8A2C5072 /* CoreFoundation.framework in Frameworks */ = {isa = PBXBuildFile; fileRef = AAE599BBEFE24D549C51556C /* CoreFoundation.framework */; };
		F829D16700BC4DF78C8B90EC /* JavaScriptCore.framework in Frameworks */ = {isa = PBXBuildFile; fileRef = CDB0E8E70C1B494D95EE4957 /* JavaScriptCore.framework */; };
		FCA34DAB7306427596713228 /* libxml2.2.dylib in Frameworks */ = {isa = PBXBuildFile; fileRef = 3CFA55D2E8A44C849FCEFE74 /* libxml2.2.dylib */; };
		FE83D92B25A94E5D90558D48 /* RFMAdSDK.bundle in Resources */ = {isa = PBXBuildFile; fileRef = 965A571FA99F4BE09558CC7D /* RFMAdSDK.bundle */; };
		FEE999342E0942AB85984114 /* appodeal_pattern@2x.png in Resources */ = {isa = PBXBuildFile; fileRef = A342B43A3CB746B8B6D6CA7E /* appodeal_pattern@2x.png */; };
/* End PBXBuildFile section */

/* Begin PBXContainerItemProxy section */
		301BF534109A57CC0062928A /* PBXContainerItemProxy */ = {
			isa = PBXContainerItemProxy;
			containerPortal = 301BF52D109A57CC0062928A /* CordovaLib.xcodeproj */;
			proxyType = 2;
			remoteGlobalIDString = D2AAC07E0554694100DB518D;
			remoteInfo = CordovaLib;
		};
		301BF550109A68C00062928A /* PBXContainerItemProxy */ = {
			isa = PBXContainerItemProxy;
			containerPortal = 301BF52D109A57CC0062928A /* CordovaLib.xcodeproj */;
			proxyType = 1;
			remoteGlobalIDString = D2AAC07D0554694100DB518D;
			remoteInfo = CordovaLib;
		};
/* End PBXContainerItemProxy section */

/* Begin PBXFileReference section */
		0018FC122CB64DF1B5756339 /* CDVAssetLibraryFilesystem.h */ = {isa = PBXFileReference; explicitFileType = undefined; fileEncoding = 4; includeInIndex = 0; lastKnownFileType = sourcecode.c.h; name = CDVAssetLibraryFilesystem.h; path = "cordova-plugin-file/CDVAssetLibraryFilesystem.h"; sourceTree = "<group>"; };
		0207DA571B56EA530066E2B4 /* Images.xcassets */ = {isa = PBXFileReference; lastKnownFileType = folder.assetcatalog; name = Images.xcassets; path = Findwords/Images.xcassets; sourceTree = SOURCE_ROOT; };
		02F1FF805ED44C1695AF41D8 /* GAITracker.h */ = {isa = PBXFileReference; explicitFileType = undefined; fileEncoding = 4; includeInIndex = 0; lastKnownFileType = sourcecode.c.h; name = GAITracker.h; path = "cordova-plugin-google-analytics/GAITracker.h"; sourceTree = "<group>"; };
		052CFBC1FEEF460794EA6759 /* UILocalNotification+APPLocalNotification.m */ = {isa = PBXFileReference; explicitFileType = undefined; fileEncoding = 4; includeInIndex = 0; lastKnownFileType = sourcecode.c.objc; name = "UILocalNotification+APPLocalNotification.m"; path = "de.appplant.cordova.plugin.local-notification/UILocalNotification+APPLocalNotification.m"; sourceTree = "<group>"; };
		069381DAD743466E870F1161 /* FBSDKCoreKit.framework */ = {isa = PBXFileReference; explicitFileType = undefined; fileEncoding = 9; includeInIndex = 0; lastKnownFileType = wrapper.framework; name = FBSDKCoreKit.framework; path = "Findwords/Plugins/cordova-plugin-facebook/FBSDKCoreKit.framework"; sourceTree = "<group>"; };
		06E2852A88A544EF90C703C6 /* CDVLocalFilesystem.h */ = {isa = PBXFileReference; explicitFileType = undefined; fileEncoding = 4; includeInIndex = 0; lastKnownFileType = sourcecode.c.h; name = CDVLocalFilesystem.h; path = "cordova-plugin-file/CDVLocalFilesystem.h"; sourceTree = "<group>"; };
		07580954210042E795B8DE4D /* Social.framework */ = {isa = PBXFileReference; explicitFileType = undefined; fileEncoding = 9; includeInIndex = 0; lastKnownFileType = wrapper.framework; name = Social.framework; path = System/Library/Frameworks/Social.framework; sourceTree = SDKROOT; };
		077E262F61E94575A0CC7569 /* EventKitUI.framework */ = {isa = PBXFileReference; explicitFileType = undefined; fileEncoding = 9; includeInIndex = 0; lastKnownFileType = wrapper.framework; name = EventKitUI.framework; path = System/Library/Frameworks/EventKitUI.framework; sourceTree = SDKROOT; };
		085FAC4327054336B3F59726 /* UniversalAnalyticsPlugin.m */ = {isa = PBXFileReference; explicitFileType = undefined; fileEncoding = 4; includeInIndex = 0; lastKnownFileType = sourcecode.c.objc; name = UniversalAnalyticsPlugin.m; path = "cordova-plugin-google-analytics/UniversalAnalyticsPlugin.m"; sourceTree = "<group>"; };
		08A72CB047874C22BC5F10C8 /* AVFoundation.framework */ = {isa = PBXFileReference; explicitFileType = undefined; fileEncoding = 9; includeInIndex = 0; lastKnownFileType = wrapper.framework; name = AVFoundation.framework; path = System/Library/Frameworks/AVFoundation.framework; sourceTree = SDKROOT; };
		09EA715FF0F646ABACAD48B9 /* MPUnmutedBtn@2x.png */ = {isa = PBXFileReference; explicitFileType = undefined; fileEncoding = 9; includeInIndex = 0; lastKnownFileType = unknown; path = "MPUnmutedBtn@2x.png"; sourceTree = "<group>"; };
		0A011F8B0A2D489E8BF3D703 /* StoreKit.framework */ = {isa = PBXFileReference; explicitFileType = undefined; fileEncoding = 9; includeInIndex = 0; lastKnownFileType = wrapper.framework; name = StoreKit.framework; path = System/Library/Frameworks/StoreKit.framework; sourceTree = SDKROOT; };
		0A0384880953415AB5A197DF /* UIApplication+APPLocalNotification.h */ = {isa = PBXFileReference; explicitFileType = undefined; fileEncoding = 4; includeInIndex = 0; lastKnownFileType = sourcecode.c.h; name = "UIApplication+APPLocalNotification.h"; path = "de.appplant.cordova.plugin.local-notification/UIApplication+APPLocalNotification.h"; sourceTree = "<group>"; };
		0C0A2AE881BF43FE871F3856 /* libz.dylib */ = {isa = PBXFileReference; explicitFileType = undefined; fileEncoding = 9; includeInIndex = 0; lastKnownFileType = "compiled.mach-o.dylib"; name = libz.dylib; path = usr/lib/libz.dylib; sourceTree = SDKROOT; };
		0C58011C3C0E46299760E714 /* CDVDevice.h */ = {isa = PBXFileReference; explicitFileType = undefined; fileEncoding = 4; includeInIndex = 0; lastKnownFileType = sourcecode.c.h; name = CDVDevice.h; path = "cordova-plugin-device/CDVDevice.h"; sourceTree = "<group>"; };
		0DA887040F5C45C6B33A2216 /* GAIFields.h */ = {isa = PBXFileReference; explicitFileType = undefined; fileEncoding = 4; includeInIndex = 0; lastKnownFileType = sourcecode.c.h; name = GAIFields.h; path = "cordova-plugin-google-analytics/GAIFields.h"; sourceTree = "<group>"; };
		0E08903768BF40D997E15C6B /* MPMutedBtn@2x.png */ = {isa = PBXFileReference; explicitFileType = undefined; fileEncoding = 9; includeInIndex = 0; lastKnownFileType = unknown; path = "MPMutedBtn@2x.png"; sourceTree = "<group>"; };
		0E8959827C324629AE5F0486 /* vg_privacy.png */ = {isa = PBXFileReference; explicitFileType = undefined; fileEncoding = 9; includeInIndex = 0; lastKnownFileType = unknown; path = vg_privacy.png; sourceTree = "<group>"; };
		1600EA2793DF41A6B0FD2408 /* StartApp.bundle */ = {isa = PBXFileReference; explicitFileType = undefined; fileEncoding = 9; includeInIndex = 0; lastKnownFileType = "wrapper.plug-in"; path = StartApp.bundle; sourceTree = "<group>"; };
		166E7C8AFD6E436D8DB29A71 /* AppDelegate+APPRegisterUserNotificationSettings.h */ = {isa = PBXFileReference; explicitFileType = undefined; fileEncoding = 4; includeInIndex = 0; lastKnownFileType = sourcecode.c.h; name = "AppDelegate+APPRegisterUserNotificationSettings.h"; path = "de.appplant.cordova.common.registerusernotificationsettings/AppDelegate+APPRegisterUserNotificationSettings.h"; sourceTree = "<group>"; };
		16EAD41255A04A78A0776B62 /* vg_close.png */ = {isa = PBXFileReference; explicitFileType = undefined; fileEncoding = 9; includeInIndex = 0; lastKnownFileType = unknown; path = vg_close.png; sourceTree = "<group>"; };
		1A862B580AC54495A80C13F1 /* CordovaFacebook.m */ = {isa = PBXFileReference; explicitFileType = undefined; fileEncoding = 4; includeInIndex = 0; lastKnownFileType = sourcecode.c.objc; name = CordovaFacebook.m; path = "cordova-plugin-facebook/CordovaFacebook.m"; sourceTree = "<group>"; };
		1D3623240D0F684500981E51 /* AppDelegate.h */ = {isa = PBXFileReference; fileEncoding = 4; lastKnownFileType = sourcecode.c.h; path = AppDelegate.h; sourceTree = "<group>"; };
		1D3623250D0F684500981E51 /* AppDelegate.m */ = {isa = PBXFileReference; fileEncoding = 4; lastKnownFileType = sourcecode.c.objc; path = AppDelegate.m; sourceTree = "<group>"; };
		1D6058910D05DD3D006BFB54 /* Findwords.app */ = {isa = PBXFileReference; explicitFileType = wrapper.application; includeInIndex = 0; path = Findwords.app; sourceTree = BUILT_PRODUCTS_DIR; };
		1E83771D80014BDA91DBE22C /* InAppPurchase.h */ = {isa = PBXFileReference; explicitFileType = undefined; fileEncoding = 4; includeInIndex = 0; lastKnownFileType = sourcecode.c.h; name = InAppPurchase.h; path = cc.fovea.cordova.purchase/InAppPurchase.h; sourceTree = "<group>"; };
		1F948087B4FC4E1FAF22F9EF /* AdSupport.framework */ = {isa = PBXFileReference; explicitFileType = undefined; fileEncoding = 9; includeInIndex = 0; lastKnownFileType = wrapper.framework; name = AdSupport.framework; path = System/Library/Frameworks/AdSupport.framework; sourceTree = SDKROOT; };
		21DEE257CE164F4487D9E05F /* CDVLogger.h */ = {isa = PBXFileReference; explicitFileType = undefined; fileEncoding = 4; includeInIndex = 0; lastKnownFileType = sourcecode.c.h; name = CDVLogger.h; path = "cordova-plugin-console/CDVLogger.h"; sourceTree = "<group>"; };
		2344383E49964950BA0C704C /* FBSDKLoginKit.framework */ = {isa = PBXFileReference; explicitFileType = undefined; fileEncoding = 9; includeInIndex = 0; lastKnownFileType = wrapper.framework; name = FBSDKLoginKit.framework; path = "Findwords/Plugins/cordova-plugin-facebook/FBSDKLoginKit.framework"; sourceTree = "<group>"; };
		252C6B11FBAE4BA0A4B339BE /* vg_mute_off.png */ = {isa = PBXFileReference; explicitFileType = undefined; fileEncoding = 9; includeInIndex = 0; lastKnownFileType = unknown; path = vg_mute_off.png; sourceTree = "<group>"; };
		264392D9399B4106864DE9A0 /* UIKit.framework */ = {isa = PBXFileReference; explicitFileType = undefined; fileEncoding = 9; includeInIndex = 0; lastKnownFileType = wrapper.framework; name = UIKit.framework; path = System/Library/Frameworks/UIKit.framework; sourceTree = SDKROOT; };
		2765A20E822843C7B8F75685 /* QuartzCore.framework */ = {isa = PBXFileReference; explicitFileType = undefined; fileEncoding = 9; includeInIndex = 0; lastKnownFileType = wrapper.framework; name = QuartzCore.framework; path = System/Library/Frameworks/QuartzCore.framework; sourceTree = SDKROOT; };
		29B97316FDCFA39411CA2CEA /* main.m */ = {isa = PBXFileReference; fileEncoding = 4; lastKnownFileType = sourcecode.c.objc; path = main.m; sourceTree = "<group>"; };
		29D0DBE08F6247CA88F8F044 /* appodeal_mute_off.png */ = {isa = PBXFileReference; explicitFileType = undefined; fileEncoding = 9; includeInIndex = 0; lastKnownFileType = unknown; path = appodeal_mute_off.png; sourceTree = "<group>"; };
		2A2EB3C41AF843D0A6282FE0 /* GAIEcommercePromotion.h */ = {isa = PBXFileReference; explicitFileType = undefined; fileEncoding = 4; includeInIndex = 0; lastKnownFileType = sourcecode.c.h; name = GAIEcommercePromotion.h; path = "cordova-plugin-google-analytics/GAIEcommercePromotion.h"; sourceTree = "<group>"; };
		2AF1D408C510457D9BFF5163 /* appodeal_close.png */ = {isa = PBXFileReference; explicitFileType = undefined; fileEncoding = 9; includeInIndex = 0; lastKnownFileType = unknown; path = appodeal_close.png; sourceTree = "<group>"; };
		2BA45B2156164A2DB49B1C67 /* appodeal_daa_icon.png */ = {isa = PBXFileReference; explicitFileType = undefined; fileEncoding = 9; includeInIndex = 0; lastKnownFileType = unknown; path = appodeal_daa_icon.png; sourceTree = "<group>"; };
		301BF52D109A57CC0062928A /* CordovaLib.xcodeproj */ = {isa = PBXFileReference; lastKnownFileType = "wrapper.pb-project"; name = CordovaLib.xcodeproj; path = CordovaLib/CordovaLib.xcodeproj; sourceTree = "<group>"; };
		301BF56E109A69640062928A /* www */ = {isa = PBXFileReference; lastKnownFileType = folder; path = www; sourceTree = SOURCE_ROOT; };
		302D95EE14D2391D003F00A1 /* MainViewController.h */ = {isa = PBXFileReference; fileEncoding = 4; lastKnownFileType = sourcecode.c.h; path = MainViewController.h; sourceTree = "<group>"; };
		302D95EF14D2391D003F00A1 /* MainViewController.m */ = {isa = PBXFileReference; fileEncoding = 4; lastKnownFileType = sourcecode.c.objc; path = MainViewController.m; sourceTree = "<group>"; };
		302D95F014D2391D003F00A1 /* MainViewController.xib */ = {isa = PBXFileReference; fileEncoding = 4; lastKnownFileType = file.xib; path = MainViewController.xib; sourceTree = "<group>"; };
		3047A50F1AB8059700498E2A /* build-debug.xcconfig */ = {isa = PBXFileReference; fileEncoding = 4; lastKnownFileType = text.xcconfig; name = "build-debug.xcconfig"; path = "cordova/build-debug.xcconfig"; sourceTree = SOURCE_ROOT; };
		3047A5101AB8059700498E2A /* build-release.xcconfig */ = {isa = PBXFileReference; fileEncoding = 4; lastKnownFileType = text.xcconfig; name = "build-release.xcconfig"; path = "cordova/build-release.xcconfig"; sourceTree = SOURCE_ROOT; };
		3047A5111AB8059700498E2A /* build.xcconfig */ = {isa = PBXFileReference; fileEncoding = 4; lastKnownFileType = text.xcconfig; name = build.xcconfig; path = cordova/build.xcconfig; sourceTree = SOURCE_ROOT; };
		30C5358FC23A4784BDAB0A3D /* MPCloseBtn@2x.png */ = {isa = PBXFileReference; explicitFileType = undefined; fileEncoding = 9; includeInIndex = 0; lastKnownFileType = unknown; path = "MPCloseBtn@2x.png"; sourceTree = "<group>"; };
		310FAD4391D143AFB2B9A3F4 /* libsqlite3.dylib */ = {isa = PBXFileReference; explicitFileType = undefined; fileEncoding = 9; includeInIndex = 0; lastKnownFileType = "compiled.mach-o.dylib"; name = libsqlite3.dylib; path = usr/lib/libsqlite3.dylib; sourceTree = SDKROOT; };
		3178A6519CFD451783E140F1 /* MPDAAIcon.png */ = {isa = PBXFileReference; explicitFileType = undefined; fileEncoding = 9; includeInIndex = 0; lastKnownFileType = unknown; path = MPDAAIcon.png; sourceTree = "<group>"; };
		3217A4968A2742FF8E8D05BB /* libGoogleAnalyticsServices.a */ = {isa = PBXFileReference; explicitFileType = undefined; fileEncoding = 9; includeInIndex = 0; lastKnownFileType = archive.ar; name = libGoogleAnalyticsServices.a; path = "Findwords/Plugins/cordova-plugin-google-analytics/libGoogleAnalyticsServices.a"; sourceTree = "<group>"; };
		326C2549A99E440C9534B59B /* SKProduct+LocalizedPrice.m */ = {isa = PBXFileReference; explicitFileType = undefined; fileEncoding = 4; includeInIndex = 0; lastKnownFileType = sourcecode.c.objc; name = "SKProduct+LocalizedPrice.m"; path = "cc.fovea.cordova.purchase/SKProduct+LocalizedPrice.m"; sourceTree = "<group>"; };
		32CA4F630368D1EE00C91783 /* Findwords-Prefix.pch */ = {isa = PBXFileReference; fileEncoding = 4; lastKnownFileType = sourcecode.c.h; path = "Findwords-Prefix.pch"; sourceTree = "<group>"; };
		3671FF8B8DBB4963BB45F3BA /* AudioToolbox.framework */ = {isa = PBXFileReference; explicitFileType = undefined; fileEncoding = 9; includeInIndex = 0; lastKnownFileType = wrapper.framework; name = AudioToolbox.framework; path = System/Library/Frameworks/AudioToolbox.framework; sourceTree = SDKROOT; };
		3796A29398DD47C387812D56 /* UILocalNotification+APPLocalNotification.h */ = {isa = PBXFileReference; explicitFileType = undefined; fileEncoding = 4; includeInIndex = 0; lastKnownFileType = sourcecode.c.h; name = "UILocalNotification+APPLocalNotification.h"; path = "de.appplant.cordova.plugin.local-notification/UILocalNotification+APPLocalNotification.h"; sourceTree = "<group>"; };
		3CFA55D2E8A44C849FCEFE74 /* libxml2.2.dylib */ = {isa = PBXFileReference; explicitFileType = undefined; fileEncoding = 9; includeInIndex = 0; lastKnownFileType = "compiled.mach-o.dylib"; name = libxml2.2.dylib; path = usr/lib/libxml2.2.dylib; sourceTree = SDKROOT; };
		437498890246465BB3F58157 /* APPLocalNotification.m */ = {isa = PBXFileReference; explicitFileType = undefined; fileEncoding = 4; includeInIndex = 0; lastKnownFileType = sourcecode.c.objc; name = APPLocalNotification.m; path = "de.appplant.cordova.plugin.local-notification/APPLocalNotification.m"; sourceTree = "<group>"; };
		4768A7044A034FC29A3F081A /* CDVViewController+SplashScreen.m */ = {isa = PBXFileReference; explicitFileType = undefined; fileEncoding = 4; includeInIndex = 0; lastKnownFileType = sourcecode.c.objc; name = "CDVViewController+SplashScreen.m"; path = "cordova-plugin-splashscreen/CDVViewController+SplashScreen.m"; sourceTree = "<group>"; };
		48CB0C9E36B649709E3CCB32 /* MPPlayBtn@3x.png */ = {isa = PBXFileReference; explicitFileType = undefined; fileEncoding = 9; includeInIndex = 0; lastKnownFileType = unknown; path = "MPPlayBtn@3x.png"; sourceTree = "<group>"; };
		4952BB43C11F4AC3B8EDF9F6 /* GAIEcommerceFields.h */ = {isa = PBXFileReference; explicitFileType = undefined; fileEncoding = 4; includeInIndex = 0; lastKnownFileType = sourcecode.c.h; name = GAIEcommerceFields.h; path = "cordova-plugin-google-analytics/GAIEcommerceFields.h"; sourceTree = "<group>"; };
		498F23910E984B039621B179 /* MPCloseButtonX.png */ = {isa = PBXFileReference; explicitFileType = undefined; fileEncoding = 9; includeInIndex = 0; lastKnownFileType = unknown; path = MPCloseButtonX.png; sourceTree = "<group>"; };
		4A10CC1E293343F6BCF44AAB /* appodeal_adbadge@2x.png */ = {isa = PBXFileReference; explicitFileType = undefined; fileEncoding = 9; includeInIndex = 0; lastKnownFileType = unknown; path = "appodeal_adbadge@2x.png"; sourceTree = "<group>"; };
		4AABACCFC4494D2EB70EAB15 /* UIApplication+APPLocalNotification.m */ = {isa = PBXFileReference; explicitFileType = undefined; fileEncoding = 4; includeInIndex = 0; lastKnownFileType = sourcecode.c.objc; name = "UIApplication+APPLocalNotification.m"; path = "de.appplant.cordova.plugin.local-notification/UIApplication+APPLocalNotification.m"; sourceTree = "<group>"; };
		4CF0D2E020D741B89E3B64C5 /* Appodeal.framework */ = {isa = PBXFileReference; explicitFileType = undefined; fileEncoding = 9; includeInIndex = 0; lastKnownFileType = wrapper.framework; name = Appodeal.framework; path = Findwords/Plugins/com.appodeal.plugin/Appodeal.framework; sourceTree = "<group>"; };
		4F21BDAE1967479E94926D59 /* CoreMotion.framework */ = {isa = PBXFileReference; explicitFileType = undefined; fileEncoding = 9; includeInIndex = 0; lastKnownFileType = wrapper.framework; name = CoreMotion.framework; path = System/Library/Frameworks/CoreMotion.framework; sourceTree = SDKROOT; };
		5540A31E1C6DC892000F177F /* Bolts.framework */ = {isa = PBXFileReference; lastKnownFileType = wrapper.framework; name = Bolts.framework; path = "Findwords/Plugins/cordova-plugin-facebook/Bolts.framework"; sourceTree = "<group>"; };
		568427A471C343C8873CEF9E /* FileUtility.h */ = {isa = PBXFileReference; explicitFileType = undefined; fileEncoding = 4; includeInIndex = 0; lastKnownFileType = sourcecode.c.h; name = FileUtility.h; path = cc.fovea.cordova.purchase/FileUtility.h; sourceTree = "<group>"; };
		570D4FAD82854AB1B0BE2F2B /* CFNetwork.framework */ = {isa = PBXFileReference; explicitFileType = undefined; fileEncoding = 9; includeInIndex = 0; lastKnownFileType = wrapper.framework; name = CFNetwork.framework; path = System/Library/Frameworks/CFNetwork.framework; sourceTree = SDKROOT; };
		58917493BC0349848469BB6F /* CDVViewController+SplashScreen.h */ = {isa = PBXFileReference; explicitFileType = undefined; fileEncoding = 4; includeInIndex = 0; lastKnownFileType = sourcecode.c.h; name = "CDVViewController+SplashScreen.h"; path = "cordova-plugin-splashscreen/CDVViewController+SplashScreen.h"; sourceTree = "<group>"; };
		5AF3E17F529F4E76B265453A /* MPUnmutedBtn@3x.png */ = {isa = PBXFileReference; explicitFileType = undefined; fileEncoding = 9; includeInIndex = 0; lastKnownFileType = unknown; path = "MPUnmutedBtn@3x.png"; sourceTree = "<group>"; };
		5B200A9C78DC4E81903D1637 /* AppodealPlugin.m */ = {isa = PBXFileReference; explicitFileType = undefined; fileEncoding = 4; includeInIndex = 0; lastKnownFileType = sourcecode.c.objc; name = AppodealPlugin.m; path = com.appodeal.plugin/AppodealPlugin.m; sourceTree = "<group>"; };
		5D944E78E9694BFBBD375150 /* GAI.h */ = {isa = PBXFileReference; explicitFileType = undefined; fileEncoding = 4; includeInIndex = 0; lastKnownFileType = sourcecode.c.h; name = GAI.h; path = "cordova-plugin-google-analytics/GAI.h"; sourceTree = "<group>"; };
		61119D3DA586434787D77B8F /* MediaPlayer.framework */ = {isa = PBXFileReference; explicitFileType = undefined; fileEncoding = 9; includeInIndex = 0; lastKnownFileType = wrapper.framework; name = MediaPlayer.framework; path = System/Library/Frameworks/MediaPlayer.framework; sourceTree = SDKROOT; };
		661B4A18164C4A63A4DB5465 /* preferences.m */ = {isa = PBXFileReference; explicitFileType = undefined; fileEncoding = 4; includeInIndex = 0; lastKnownFileType = sourcecode.c.objc; name = preferences.m; path = com.portnou.cordova.plugin.preferences/preferences.m; sourceTree = "<group>"; };
		6B110B2ABAF44EBD8F3BDBFA /* MPCloseBtn.png */ = {isa = PBXFileReference; explicitFileType = undefined; fileEncoding = 9; includeInIndex = 0; lastKnownFileType = unknown; path = MPCloseBtn.png; sourceTree = "<group>"; };
		6B29746795334257AB725250 /* MPCloseBtn@3x.png */ = {isa = PBXFileReference; explicitFileType = undefined; fileEncoding = 9; includeInIndex = 0; lastKnownFileType = unknown; path = "MPCloseBtn@3x.png"; sourceTree = "<group>"; };
		6C5987A3CFC54D19B492EDC3 /* MPCloseButtonX@2x.png */ = {isa = PBXFileReference; explicitFileType = undefined; fileEncoding = 9; includeInIndex = 0; lastKnownFileType = unknown; path = "MPCloseButtonX@2x.png"; sourceTree = "<group>"; };
		6FBC67A939B64F98AAF37326 /* CoreMedia.framework */ = {isa = PBXFileReference; explicitFileType = undefined; fileEncoding = 9; includeInIndex = 0; lastKnownFileType = wrapper.framework; name = CoreMedia.framework; path = System/Library/Frameworks/CoreMedia.framework; sourceTree = SDKROOT; };
		6FFE60FC3A4C446BAA82C886 /* vg_mute_on.png */ = {isa = PBXFileReference; explicitFileType = undefined; fileEncoding = 9; includeInIndex = 0; lastKnownFileType = unknown; path = vg_mute_on.png; sourceTree = "<group>"; };
		725F329C87BE4362A4793C7E /* FBSDKShareKit.framework */ = {isa = PBXFileReference; explicitFileType = undefined; fileEncoding = 9; includeInIndex = 0; lastKnownFileType = wrapper.framework; name = FBSDKShareKit.framework; path = "Findwords/Plugins/cordova-plugin-facebook/FBSDKShareKit.framework"; sourceTree = "<group>"; };
		72C7CFE6B2044227B3D37553 /* CDVDevice.m */ = {isa = PBXFileReference; explicitFileType = undefined; fileEncoding = 4; includeInIndex = 0; lastKnownFileType = sourcecode.c.objc; name = CDVDevice.m; path = "cordova-plugin-device/CDVDevice.m"; sourceTree = "<group>"; };
		7AC2F43BE5784CDE9B13CA0A /* vg_cta.png */ = {isa = PBXFileReference; explicitFileType = undefined; fileEncoding = 9; includeInIndex = 0; lastKnownFileType = unknown; path = vg_cta.png; sourceTree = "<group>"; };
		7BDB69F3922A4EA7B765AF6C /* CDVInAppBrowser.h */ = {isa = PBXFileReference; explicitFileType = undefined; fileEncoding = 4; includeInIndex = 0; lastKnownFileType = sourcecode.c.h; name = CDVInAppBrowser.h; path = "cordova-plugin-inappbrowser/CDVInAppBrowser.h"; sourceTree = "<group>"; };
		7CED2304B3D945EDADF872CD /* MPPlayBtn@2x.png */ = {isa = PBXFileReference; explicitFileType = undefined; fileEncoding = 9; includeInIndex = 0; lastKnownFileType = unknown; path = "MPPlayBtn@2x.png"; sourceTree = "<group>"; };
		7E766026AC0C4714BEF405EB /* WebKit.framework */ = {isa = PBXFileReference; explicitFileType = undefined; fileEncoding = 9; includeInIndex = 0; lastKnownFileType = wrapper.framework; name = WebKit.framework; path = System/Library/Frameworks/WebKit.framework; sourceTree = SDKROOT; };
		7E93F78A05BE4621BBC2E304 /* UnityAds.bundle */ = {isa = PBXFileReference; explicitFileType = undefined; fileEncoding = 9; includeInIndex = 0; lastKnownFileType = "wrapper.plug-in"; path = UnityAds.bundle; sourceTree = "<group>"; };
		80410C9D3C34471AB8FC8A92 /* AppodealPlugin.h */ = {isa = PBXFileReference; explicitFileType = undefined; fileEncoding = 4; includeInIndex = 0; lastKnownFileType = sourcecode.c.h; name = AppodealPlugin.h; path = com.appodeal.plugin/AppodealPlugin.h; sourceTree = "<group>"; };
		80E0675C1DDA42728E4AA1B2 /* __vungle.db */ = {isa = PBXFileReference; explicitFileType = undefined; fileEncoding = 9; includeInIndex = 0; lastKnownFileType = unknown; path = __vungle.db; sourceTree = "<group>"; };
		859E685F866B4E93AC267962 /* SystemConfiguration.framework */ = {isa = PBXFileReference; explicitFileType = undefined; fileEncoding = 9; includeInIndex = 0; lastKnownFileType = wrapper.framework; name = SystemConfiguration.framework; path = System/Library/Frameworks/SystemConfiguration.framework; sourceTree = SDKROOT; };
		8726DC5C480F4E7B94E861CA /* CDVFile.m */ = {isa = PBXFileReference; explicitFileType = undefined; fileEncoding = 4; includeInIndex = 0; lastKnownFileType = sourcecode.c.objc; name = CDVFile.m; path = "cordova-plugin-file/CDVFile.m"; sourceTree = "<group>"; };
		8D1107310486CEB800E47090 /* Findwords-Info.plist */ = {isa = PBXFileReference; fileEncoding = 4; lastKnownFileType = text.plist.xml; name = "Findwords-Info.plist"; path = "Findwords/Findwords-Info.plist"; plistStructureDefinitionIdentifier = "com.apple.xcode.plist.structure-definition.iphone.info-plist"; sourceTree = SOURCE_ROOT; };
		8D9C36AA6C4B4FAFB572B139 /* GAILogger.h */ = {isa = PBXFileReference; explicitFileType = undefined; fileEncoding = 4; includeInIndex = 0; lastKnownFileType = sourcecode.c.h; name = GAILogger.h; path = "cordova-plugin-google-analytics/GAILogger.h"; sourceTree = "<group>"; };
		8E09CB0EB03F41A68D192D85 /* Twitter.framework */ = {isa = PBXFileReference; explicitFileType = undefined; fileEncoding = 9; includeInIndex = 0; lastKnownFileType = wrapper.framework; name = Twitter.framework; path = System/Library/Frameworks/Twitter.framework; sourceTree = SDKROOT; };
		8ECB54FDD5204FB1BB818103 /* appodeal_adbadge@3x.png */ = {isa = PBXFileReference; explicitFileType = undefined; fileEncoding = 9; includeInIndex = 0; lastKnownFileType = unknown; path = "appodeal_adbadge@3x.png"; sourceTree = "<group>"; };
		91A2D0580EE941D8A2BB1E5A /* UniversalAnalyticsPlugin.h */ = {isa = PBXFileReference; explicitFileType = undefined; fileEncoding = 4; includeInIndex = 0; lastKnownFileType = sourcecode.c.h; name = UniversalAnalyticsPlugin.h; path = "cordova-plugin-google-analytics/UniversalAnalyticsPlugin.h"; sourceTree = "<group>"; };
		93EB99EE51AA4BE69705415B /* CDVFile.h */ = {isa = PBXFileReference; explicitFileType = undefined; fileEncoding = 4; includeInIndex = 0; lastKnownFileType = sourcecode.c.h; name = CDVFile.h; path = "cordova-plugin-file/CDVFile.h"; sourceTree = "<group>"; };
		965A571FA99F4BE09558CC7D /* RFMAdSDK.bundle */ = {isa = PBXFileReference; explicitFileType = undefined; fileEncoding = 9; includeInIndex = 0; lastKnownFileType = "wrapper.plug-in"; path = RFMAdSDK.bundle; sourceTree = "<group>"; };
		970EC00ED9334A149C5D477F /* CDVLogger.m */ = {isa = PBXFileReference; explicitFileType = undefined; fileEncoding = 4; includeInIndex = 0; lastKnownFileType = sourcecode.c.objc; name = CDVLogger.m; path = "cordova-plugin-console/CDVLogger.m"; sourceTree = "<group>"; };
		98938E0E85CE405495806C3E /* MRAID.bundle */ = {isa = PBXFileReference; explicitFileType = undefined; fileEncoding = 9; includeInIndex = 0; lastKnownFileType = "wrapper.plug-in"; path = MRAID.bundle; sourceTree = "<group>"; };
		98ED376E540C42999968D19C /* CDVStatusBar.m */ = {isa = PBXFileReference; explicitFileType = undefined; fileEncoding = 4; includeInIndex = 0; lastKnownFileType = sourcecode.c.objc; name = CDVStatusBar.m; path = "cordova-plugin-statusbar/CDVStatusBar.m"; sourceTree = "<group>"; };
		9AB9DA34022F47DDBB6C98A9 /* MPCloseButtonX@3x.png */ = {isa = PBXFileReference; explicitFileType = undefined; fileEncoding = 9; includeInIndex = 0; lastKnownFileType = unknown; path = "MPCloseButtonX@3x.png"; sourceTree = "<group>"; };
		9ACA468E19DB4BD68B2EB51A /* MessageUI.framework */ = {isa = PBXFileReference; explicitFileType = undefined; fileEncoding = 9; includeInIndex = 0; lastKnownFileType = wrapper.framework; name = MessageUI.framework; path = System/Library/Frameworks/MessageUI.framework; sourceTree = SDKROOT; };
		9D2FE2866BAA48019424EF08 /* GAITrackedViewController.h */ = {isa = PBXFileReference; explicitFileType = undefined; fileEncoding = 4; includeInIndex = 0; lastKnownFileType = sourcecode.c.h; name = GAITrackedViewController.h; path = "cordova-plugin-google-analytics/GAITrackedViewController.h"; sourceTree = "<group>"; };
		9DF3FEA172F8446F894BA34A /* APPLocalNotificationOptions.m */ = {isa = PBXFileReference; explicitFileType = undefined; fileEncoding = 4; includeInIndex = 0; lastKnownFileType = sourcecode.c.objc; name = APPLocalNotificationOptions.m; path = "de.appplant.cordova.plugin.local-notification/APPLocalNotificationOptions.m"; sourceTree = "<group>"; };
		9EDC38ECDDA1432A8F643249 /* CoreData.framework */ = {isa = PBXFileReference; explicitFileType = undefined; fileEncoding = 9; includeInIndex = 0; lastKnownFileType = wrapper.framework; name = CoreData.framework; path = System/Library/Frameworks/CoreData.framework; sourceTree = SDKROOT; };
		A090E72257F549CC86CE3094 /* appodeal_mute_on.png */ = {isa = PBXFileReference; explicitFileType = undefined; fileEncoding = 9; includeInIndex = 0; lastKnownFileType = unknown; path = appodeal_mute_on.png; sourceTree = "<group>"; };
		A1101A8C3E0D4D7DA9EC5ECF /* InAppPurchase.m */ = {isa = PBXFileReference; explicitFileType = undefined; fileEncoding = 4; includeInIndex = 0; lastKnownFileType = sourcecode.c.objc; name = InAppPurchase.m; path = cc.fovea.cordova.purchase/InAppPurchase.m; sourceTree = "<group>"; };
		A342B43A3CB746B8B6D6CA7E /* appodeal_pattern@2x.png */ = {isa = PBXFileReference; explicitFileType = undefined; fileEncoding = 9; includeInIndex = 0; lastKnownFileType = unknown; path = "appodeal_pattern@2x.png"; sourceTree = "<group>"; };
		A38ED373DB4B49388A20C67F /* CDVInAppBrowser.m */ = {isa = PBXFileReference; explicitFileType = undefined; fileEncoding = 4; includeInIndex = 0; lastKnownFileType = sourcecode.c.objc; name = CDVInAppBrowser.m; path = "cordova-plugin-inappbrowser/CDVInAppBrowser.m"; sourceTree = "<group>"; };
		A889A22F6F534804A0A2447C /* GAIDictionaryBuilder.h */ = {isa = PBXFileReference; explicitFileType = undefined; fileEncoding = 4; includeInIndex = 0; lastKnownFileType = sourcecode.c.h; name = GAIDictionaryBuilder.h; path = "cordova-plugin-google-analytics/GAIDictionaryBuilder.h"; sourceTree = "<group>"; };
		AA4A2B1E301B42A896C8D1F5 /* CDVLocalFilesystem.m */ = {isa = PBXFileReference; explicitFileType = undefined; fileEncoding = 4; includeInIndex = 0; lastKnownFileType = sourcecode.c.objc; name = CDVLocalFilesystem.m; path = "cordova-plugin-file/CDVLocalFilesystem.m"; sourceTree = "<group>"; };
		AAE599BBEFE24D549C51556C /* CoreFoundation.framework */ = {isa = PBXFileReference; explicitFileType = undefined; fileEncoding = 9; includeInIndex = 0; lastKnownFileType = wrapper.framework; name = CoreFoundation.framework; path = System/Library/Frameworks/CoreFoundation.framework; sourceTree = SDKROOT; };
		AAEA72C1A72F4519A3169DBE /* CDVAssetLibraryFilesystem.m */ = {isa = PBXFileReference; explicitFileType = undefined; fileEncoding = 4; includeInIndex = 0; lastKnownFileType = sourcecode.c.objc; name = CDVAssetLibraryFilesystem.m; path = "cordova-plugin-file/CDVAssetLibraryFilesystem.m"; sourceTree = "<group>"; };
		ACD793CDA0824A51A414DD42 /* MPMutedBtn@1x.png */ = {isa = PBXFileReference; explicitFileType = undefined; fileEncoding = 9; includeInIndex = 0; lastKnownFileType = unknown; path = "MPMutedBtn@1x.png"; sourceTree = "<group>"; };
		AD518505DF354246A1B458B9 /* MPAdBrowserController.nib */ = {isa = PBXFileReference; explicitFileType = undefined; fileEncoding = 9; includeInIndex = 0; lastKnownFileType = unknown; path = MPAdBrowserController.nib; sourceTree = "<group>"; };
		B0F365A23AA94C1DA5FE7765 /* MPDAAIcon@2x.png */ = {isa = PBXFileReference; explicitFileType = undefined; fileEncoding = 9; includeInIndex = 0; lastKnownFileType = unknown; path = "MPDAAIcon@2x.png"; sourceTree = "<group>"; };
		B3EB0717393F4FEF8C7B721F /* MPDAAIcon@3x.png */ = {isa = PBXFileReference; explicitFileType = undefined; fileEncoding = 9; includeInIndex = 0; lastKnownFileType = unknown; path = "MPDAAIcon@3x.png"; sourceTree = "<group>"; };
		B511BA67A7214AF5AEC2B459 /* EventKit.framework */ = {isa = PBXFileReference; explicitFileType = undefined; fileEncoding = 9; includeInIndex = 0; lastKnownFileType = wrapper.framework; name = EventKit.framework; path = System/Library/Frameworks/EventKit.framework; sourceTree = SDKROOT; };
		B6780DFBB2B64E7E9A85A4C4 /* GAIEcommerceProduct.h */ = {isa = PBXFileReference; explicitFileType = undefined; fileEncoding = 4; includeInIndex = 0; lastKnownFileType = sourcecode.c.h; name = GAIEcommerceProduct.h; path = "cordova-plugin-google-analytics/GAIEcommerceProduct.h"; sourceTree = "<group>"; };
		BCAD15DFB49349CAA3BD7B9B /* AdManagerAssets.bundle */ = {isa = PBXFileReference; explicitFileType = undefined; fileEncoding = 9; includeInIndex = 0; lastKnownFileType = "wrapper.plug-in"; path = AdManagerAssets.bundle; sourceTree = "<group>"; };
		BD9E8266E7D841A9A57493A6 /* preferences.h */ = {isa = PBXFileReference; explicitFileType = undefined; fileEncoding = 4; includeInIndex = 0; lastKnownFileType = sourcecode.c.h; name = preferences.h; path = com.portnou.cordova.plugin.preferences/preferences.h; sourceTree = "<group>"; };
		BF581E2AEF1C419A993678FF /* Security.framework */ = {isa = PBXFileReference; explicitFileType = undefined; fileEncoding = 9; includeInIndex = 0; lastKnownFileType = wrapper.framework; name = Security.framework; path = System/Library/Frameworks/Security.framework; sourceTree = SDKROOT; };
		C0D753FAA35A4E468D1C6151 /* SVProgressHUD.bundle */ = {isa = PBXFileReference; explicitFileType = undefined; fileEncoding = 9; includeInIndex = 0; lastKnownFileType = "wrapper.plug-in"; path = SVProgressHUD.bundle; sourceTree = "<group>"; };
		C704C5B82CC84817BBA7E09F /* APPLocalNotificationOptions.h */ = {isa = PBXFileReference; explicitFileType = undefined; fileEncoding = 4; includeInIndex = 0; lastKnownFileType = sourcecode.c.h; name = APPLocalNotificationOptions.h; path = "de.appplant.cordova.plugin.local-notification/APPLocalNotificationOptions.h"; sourceTree = "<group>"; };
		C7176F512B02453B9E4EDAD4 /* appodeal_adbadge.png */ = {isa = PBXFileReference; explicitFileType = undefined; fileEncoding = 9; includeInIndex = 0; lastKnownFileType = unknown; path = appodeal_adbadge.png; sourceTree = "<group>"; };
		C8506C25B3AE4563929A4587 /* libc++.dylib */ = {isa = PBXFileReference; explicitFileType = undefined; fileEncoding = 9; includeInIndex = 0; lastKnownFileType = "compiled.mach-o.dylib"; name = "libc++.dylib"; path = "usr/lib/libc++.dylib"; sourceTree = SDKROOT; };
		C9C19667187542A197190F30 /* CordovaFacebook.h */ = {isa = PBXFileReference; explicitFileType = undefined; fileEncoding = 4; includeInIndex = 0; lastKnownFileType = sourcecode.c.h; name = CordovaFacebook.h; path = "cordova-plugin-facebook/CordovaFacebook.h"; sourceTree = "<group>"; };
		CAA13E252F79444FBF89DA15 /* CoreImage.framework */ = {isa = PBXFileReference; explicitFileType = undefined; fileEncoding = 9; includeInIndex = 0; lastKnownFileType = wrapper.framework; name = CoreImage.framework; path = System/Library/Frameworks/CoreImage.framework; sourceTree = SDKROOT; };
		CDB0E8E70C1B494D95EE4957 /* JavaScriptCore.framework */ = {isa = PBXFileReference; explicitFileType = undefined; fileEncoding = 9; includeInIndex = 0; lastKnownFileType = wrapper.framework; name = JavaScriptCore.framework; path = System/Library/Frameworks/JavaScriptCore.framework; sourceTree = SDKROOT; };
		CE0B9E98FA5A4E42BDDA39BD /* CDVSplashScreen.m */ = {isa = PBXFileReference; explicitFileType = undefined; fileEncoding = 4; includeInIndex = 0; lastKnownFileType = sourcecode.c.objc; name = CDVSplashScreen.m; path = "cordova-plugin-splashscreen/CDVSplashScreen.m"; sourceTree = "<group>"; };
		CE5203CB02D94AE89A8D7880 /* CoreLocation.framework */ = {isa = PBXFileReference; explicitFileType = undefined; fileEncoding = 9; includeInIndex = 0; lastKnownFileType = wrapper.framework; name = CoreLocation.framework; path = System/Library/Frameworks/CoreLocation.framework; sourceTree = SDKROOT; };
		D9044525862E40B69B6C2E66 /* MPPlayBtn.png */ = {isa = PBXFileReference; explicitFileType = undefined; fileEncoding = 9; includeInIndex = 0; lastKnownFileType = unknown; path = MPPlayBtn.png; sourceTree = "<group>"; };
		DE4F5C29646344A8B730C1A9 /* FileUtility.m */ = {isa = PBXFileReference; explicitFileType = undefined; fileEncoding = 4; includeInIndex = 0; lastKnownFileType = sourcecode.c.objc; name = FileUtility.m; path = cc.fovea.cordova.purchase/FileUtility.m; sourceTree = "<group>"; };
		E3AB14FEBE8845E884B42810 /* APPLocalNotification.h */ = {isa = PBXFileReference; explicitFileType = undefined; fileEncoding = 4; includeInIndex = 0; lastKnownFileType = sourcecode.c.h; name = APPLocalNotification.h; path = "de.appplant.cordova.plugin.local-notification/APPLocalNotification.h"; sourceTree = "<group>"; };
		E5DBAE2C4D51420DBF448978 /* SKProduct+LocalizedPrice.h */ = {isa = PBXFileReference; explicitFileType = undefined; fileEncoding = 4; includeInIndex = 0; lastKnownFileType = sourcecode.c.h; name = "SKProduct+LocalizedPrice.h"; path = "cc.fovea.cordova.purchase/SKProduct+LocalizedPrice.h"; sourceTree = "<group>"; };
		EB87FDF31871DA8E0020F90C /* www */ = {isa = PBXFileReference; lastKnownFileType = folder; name = www; path = ../../www; sourceTree = "<group>"; };
		EB87FDF41871DAF40020F90C /* config.xml */ = {isa = PBXFileReference; lastKnownFileType = text.xml; name = config.xml; path = ../../config.xml; sourceTree = "<group>"; };
		ED33DF2A687741AEAF9F8254 /* Bridging-Header.h */ = {isa = PBXFileReference; fileEncoding = 4; lastKnownFileType = sourcecode.c.h; path = "Bridging-Header.h"; sourceTree = "<group>"; };
		F193C5BC83DF45678E42F5F7 /* AppDelegate+APPRegisterUserNotificationSettings.m */ = {isa = PBXFileReference; explicitFileType = undefined; fileEncoding = 4; includeInIndex = 0; lastKnownFileType = sourcecode.c.objc; name = "AppDelegate+APPRegisterUserNotificationSettings.m"; path = "de.appplant.cordova.common.registerusernotificationsettings/AppDelegate+APPRegisterUserNotificationSettings.m"; sourceTree = "<group>"; };
		F45052C4F5624907A3DDD861 /* GAIEcommerceProductAction.h */ = {isa = PBXFileReference; explicitFileType = undefined; fileEncoding = 4; includeInIndex = 0; lastKnownFileType = sourcecode.c.h; name = GAIEcommerceProductAction.h; path = "cordova-plugin-google-analytics/GAIEcommerceProductAction.h"; sourceTree = "<group>"; };
		F45D441EC1104A4A8E22AAEE /* CDVSplashScreen.h */ = {isa = PBXFileReference; explicitFileType = undefined; fileEncoding = 4; includeInIndex = 0; lastKnownFileType = sourcecode.c.h; name = CDVSplashScreen.h; path = "cordova-plugin-splashscreen/CDVSplashScreen.h"; sourceTree = "<group>"; };
		F55118424D394B799A3664B4 /* MPMutedBtn@3x.png */ = {isa = PBXFileReference; explicitFileType = undefined; fileEncoding = 9; includeInIndex = 0; lastKnownFileType = unknown; path = "MPMutedBtn@3x.png"; sourceTree = "<group>"; };
		F840E1F0165FE0F500CFE078 /* config.xml */ = {isa = PBXFileReference; lastKnownFileType = text.xml; name = config.xml; path = Findwords/config.xml; sourceTree = "<group>"; };
		FA1902255FCA43A9978276F1 /* MPUnmutedBtn@1x.png */ = {isa = PBXFileReference; explicitFileType = undefined; fileEncoding = 9; includeInIndex = 0; lastKnownFileType = unknown; path = "MPUnmutedBtn@1x.png"; sourceTree = "<group>"; };
		FABDE72AA30C40359D5A13D4 /* CDVStatusBar.h */ = {isa = PBXFileReference; explicitFileType = undefined; fileEncoding = 4; includeInIndex = 0; lastKnownFileType = sourcecode.c.h; name = CDVStatusBar.h; path = "cordova-plugin-statusbar/CDVStatusBar.h"; sourceTree = "<group>"; };
		FAF2D6710418462D831A5619 /* appodeal_pattern.png */ = {isa = PBXFileReference; explicitFileType = undefined; fileEncoding = 9; includeInIndex = 0; lastKnownFileType = unknown; path = appodeal_pattern.png; sourceTree = "<group>"; };
/* End PBXFileReference section */

/* Begin PBXFrameworksBuildPhase section */
		1D60588F0D05DD3D006BFB54 /* Frameworks */ = {
			isa = PBXFrameworksBuildPhase;
			buildActionMask = 2147483647;
			files = (
				301BF552109A68D80062928A /* libCordova.a in Frameworks */,
				EEA93942E5194325967D676D /* StoreKit.framework in Frameworks */,
				D43D640E63EF4D68893E5E47 /* FBSDKCoreKit.framework in Frameworks */,
				76529A1FAB584E97BD4DDDD1 /* FBSDKLoginKit.framework in Frameworks */,
				6620051A73CA434484F5DC33 /* FBSDKShareKit.framework in Frameworks */,
				DE5E89E82712483FA11A1CA0 /* libGoogleAnalyticsServices.a in Frameworks */,
				ABF8843A26A14392BCB9F0F2 /* SystemConfiguration.framework in Frameworks */,
				8BD719E8A4E346EC97A48AE5 /* CoreData.framework in Frameworks */,
				4E3CA8238E324E0996F53718 /* libz.dylib in Frameworks */,
				0404E03521F4428980640E1F /* libsqlite3.dylib in Frameworks */,
				59521FDE4CCD4456848F70F1 /* AdSupport.framework in Frameworks */,
				9FC1D3C0C8584052AB02F69B /* AudioToolbox.framework in Frameworks */,
				F464182573074E82A8E90EF8 /* AVFoundation.framework in Frameworks */,
				0D4C2FAEE6C64AB882681A3B /* CFNetwork.framework in Frameworks */,
				F57A7B7BB86B49DA8A2C5072 /* CoreFoundation.framework in Frameworks */,
				9545DC84C1DF406390B8A635 /* CoreImage.framework in Frameworks */,
				A1477E33C9C24CDCBD34A6EF /* CoreLocation.framework in Frameworks */,
				8E8C0DD0FE46488884A6A5AD /* CoreMedia.framework in Frameworks */,
				BABFCCD2E9464EF9933CF62D /* CoreMotion.framework in Frameworks */,
				0350AA645B314DFC9BD21A03 /* EventKit.framework in Frameworks */,
				DD5833677A4C499D8FBDCC1F /* EventKitUI.framework in Frameworks */,
				F829D16700BC4DF78C8B90EC /* JavaScriptCore.framework in Frameworks */,
				906C7351816545C4AEDCF52E /* MediaPlayer.framework in Frameworks */,
				97333DE3B6AB45AFAECC6061 /* MessageUI.framework in Frameworks */,
				1B131569BE8C4375A42390C7 /* QuartzCore.framework in Frameworks */,
				2F9757E92D1940B1A6E90BF3 /* Security.framework in Frameworks */,
				A263AE462EA143BA8D25F325 /* Social.framework in Frameworks */,
				86AFB54512404260B5880ABA /* Twitter.framework in Frameworks */,
				F00953EF62364DF399AE5197 /* UIKit.framework in Frameworks */,
				5540A31F1C6DC892000F177F /* Bolts.framework in Frameworks */,
				09160C696B124DBF9ED2B3E3 /* WebKit.framework in Frameworks */,
				29EA12F3E0DF4404A3CD0A81 /* libc++.dylib in Frameworks */,
				FCA34DAB7306427596713228 /* libxml2.2.dylib in Frameworks */,
				489E01073524477FBFF140F9 /* Appodeal.framework in Frameworks */,
			);
			runOnlyForDeploymentPostprocessing = 0;
		};
/* End PBXFrameworksBuildPhase section */

/* Begin PBXGroup section */
		080E96DDFE201D6D7F000001 /* Classes */ = {
			isa = PBXGroup;
			children = (
				302D95EE14D2391D003F00A1 /* MainViewController.h */,
				302D95EF14D2391D003F00A1 /* MainViewController.m */,
				302D95F014D2391D003F00A1 /* MainViewController.xib */,
				1D3623240D0F684500981E51 /* AppDelegate.h */,
				1D3623250D0F684500981E51 /* AppDelegate.m */,
			);
			name = Classes;
			path = Findwords/Classes;
			sourceTree = SOURCE_ROOT;
		};
		19C28FACFE9D520D11CA2CBB /* Products */ = {
			isa = PBXGroup;
			children = (
				1D6058910D05DD3D006BFB54 /* Findwords.app */,
			);
			name = Products;
			sourceTree = "<group>";
		};
		29B97314FDCFA39411CA2CEA /* CustomTemplate */ = {
			isa = PBXGroup;
			children = (
				EB87FDF41871DAF40020F90C /* config.xml */,
				EB87FDF31871DA8E0020F90C /* www */,
				EB87FDF11871DA420020F90C /* Staging */,
				301BF52D109A57CC0062928A /* CordovaLib.xcodeproj */,
				080E96DDFE201D6D7F000001 /* Classes */,
				307C750510C5A3420062BCA9 /* Plugins */,
				29B97315FDCFA39411CA2CEA /* Other Sources */,
				29B97317FDCFA39411CA2CEA /* Resources */,
				29B97323FDCFA39411CA2CEA /* Frameworks */,
				19C28FACFE9D520D11CA2CBB /* Products */,
			);
			name = CustomTemplate;
			sourceTree = "<group>";
		};
		29B97315FDCFA39411CA2CEA /* Other Sources */ = {
			isa = PBXGroup;
			children = (
				32CA4F630368D1EE00C91783 /* Findwords-Prefix.pch */,
				29B97316FDCFA39411CA2CEA /* main.m */,
				ED33DF2A687741AEAF9F8254 /* Bridging-Header.h */,
			);
			name = "Other Sources";
			path = Findwords;
			sourceTree = "<group>";
		};
		29B97317FDCFA39411CA2CEA /* Resources */ = {
			isa = PBXGroup;
			children = (
				0207DA571B56EA530066E2B4 /* Images.xcassets */,
				3047A50E1AB8057F00498E2A /* config */,
				8D1107310486CEB800E47090 /* Findwords-Info.plist */,
				80E0675C1DDA42728E4AA1B2 /* __vungle.db */,
				BCAD15DFB49349CAA3BD7B9B /* AdManagerAssets.bundle */,
				C7176F512B02453B9E4EDAD4 /* appodeal_adbadge.png */,
				4A10CC1E293343F6BCF44AAB /* appodeal_adbadge@2x.png */,
				8ECB54FDD5204FB1BB818103 /* appodeal_adbadge@3x.png */,
				2AF1D408C510457D9BFF5163 /* appodeal_close.png */,
				2BA45B2156164A2DB49B1C67 /* appodeal_daa_icon.png */,
				29D0DBE08F6247CA88F8F044 /* appodeal_mute_off.png */,
				A090E72257F549CC86CE3094 /* appodeal_mute_on.png */,
				FAF2D6710418462D831A5619 /* appodeal_pattern.png */,
				A342B43A3CB746B8B6D6CA7E /* appodeal_pattern@2x.png */,
				AD518505DF354246A1B458B9 /* MPAdBrowserController.nib */,
				6B110B2ABAF44EBD8F3BDBFA /* MPCloseBtn.png */,
				30C5358FC23A4784BDAB0A3D /* MPCloseBtn@2x.png */,
				6B29746795334257AB725250 /* MPCloseBtn@3x.png */,
				498F23910E984B039621B179 /* MPCloseButtonX.png */,
				6C5987A3CFC54D19B492EDC3 /* MPCloseButtonX@2x.png */,
				9AB9DA34022F47DDBB6C98A9 /* MPCloseButtonX@3x.png */,
				3178A6519CFD451783E140F1 /* MPDAAIcon.png */,
				B0F365A23AA94C1DA5FE7765 /* MPDAAIcon@2x.png */,
				B3EB0717393F4FEF8C7B721F /* MPDAAIcon@3x.png */,
				ACD793CDA0824A51A414DD42 /* MPMutedBtn@1x.png */,
				0E08903768BF40D997E15C6B /* MPMutedBtn@2x.png */,
				F55118424D394B799A3664B4 /* MPMutedBtn@3x.png */,
				D9044525862E40B69B6C2E66 /* MPPlayBtn.png */,
				7CED2304B3D945EDADF872CD /* MPPlayBtn@2x.png */,
				48CB0C9E36B649709E3CCB32 /* MPPlayBtn@3x.png */,
				FA1902255FCA43A9978276F1 /* MPUnmutedBtn@1x.png */,
				09EA715FF0F646ABACAD48B9 /* MPUnmutedBtn@2x.png */,
				5AF3E17F529F4E76B265453A /* MPUnmutedBtn@3x.png */,
				98938E0E85CE405495806C3E /* MRAID.bundle */,
				965A571FA99F4BE09558CC7D /* RFMAdSDK.bundle */,
				1600EA2793DF41A6B0FD2408 /* StartApp.bundle */,
				C0D753FAA35A4E468D1C6151 /* SVProgressHUD.bundle */,
				7E93F78A05BE4621BBC2E304 /* UnityAds.bundle */,
				16EAD41255A04A78A0776B62 /* vg_close.png */,
				7AC2F43BE5784CDE9B13CA0A /* vg_cta.png */,
				252C6B11FBAE4BA0A4B339BE /* vg_mute_off.png */,
				6FFE60FC3A4C446BAA82C886 /* vg_mute_on.png */,
				0E8959827C324629AE5F0486 /* vg_privacy.png */,
			);
			name = Resources;
			path = Findwords/Resources;
			sourceTree = "<group>";
		};
		29B97323FDCFA39411CA2CEA /* Frameworks */ = {
			isa = PBXGroup;
			children = (
				5540A31E1C6DC892000F177F /* Bolts.framework */,
				0A011F8B0A2D489E8BF3D703 /* StoreKit.framework */,
				069381DAD743466E870F1161 /* FBSDKCoreKit.framework */,
				2344383E49964950BA0C704C /* FBSDKLoginKit.framework */,
				725F329C87BE4362A4793C7E /* FBSDKShareKit.framework */,
				3217A4968A2742FF8E8D05BB /* libGoogleAnalyticsServices.a */,
				859E685F866B4E93AC267962 /* SystemConfiguration.framework */,
				9EDC38ECDDA1432A8F643249 /* CoreData.framework */,
				0C0A2AE881BF43FE871F3856 /* libz.dylib */,
				310FAD4391D143AFB2B9A3F4 /* libsqlite3.dylib */,
				1F948087B4FC4E1FAF22F9EF /* AdSupport.framework */,
				3671FF8B8DBB4963BB45F3BA /* AudioToolbox.framework */,
				08A72CB047874C22BC5F10C8 /* AVFoundation.framework */,
				570D4FAD82854AB1B0BE2F2B /* CFNetwork.framework */,
				AAE599BBEFE24D549C51556C /* CoreFoundation.framework */,
				CAA13E252F79444FBF89DA15 /* CoreImage.framework */,
				CE5203CB02D94AE89A8D7880 /* CoreLocation.framework */,
				6FBC67A939B64F98AAF37326 /* CoreMedia.framework */,
				4F21BDAE1967479E94926D59 /* CoreMotion.framework */,
				B511BA67A7214AF5AEC2B459 /* EventKit.framework */,
				077E262F61E94575A0CC7569 /* EventKitUI.framework */,
				CDB0E8E70C1B494D95EE4957 /* JavaScriptCore.framework */,
				61119D3DA586434787D77B8F /* MediaPlayer.framework */,
				9ACA468E19DB4BD68B2EB51A /* MessageUI.framework */,
				2765A20E822843C7B8F75685 /* QuartzCore.framework */,
				BF581E2AEF1C419A993678FF /* Security.framework */,
				07580954210042E795B8DE4D /* Social.framework */,
				8E09CB0EB03F41A68D192D85 /* Twitter.framework */,
				264392D9399B4106864DE9A0 /* UIKit.framework */,
				7E766026AC0C4714BEF405EB /* WebKit.framework */,
				C8506C25B3AE4563929A4587 /* libc++.dylib */,
				3CFA55D2E8A44C849FCEFE74 /* libxml2.2.dylib */,
				4CF0D2E020D741B89E3B64C5 /* Appodeal.framework */,
			);
			name = Frameworks;
			sourceTree = "<group>";
		};
		301BF52E109A57CC0062928A /* Products */ = {
			isa = PBXGroup;
			children = (
				301BF535109A57CC0062928A /* libCordova.a */,
			);
			name = Products;
			sourceTree = "<group>";
		};
		3047A50E1AB8057F00498E2A /* config */ = {
			isa = PBXGroup;
			children = (
				3047A50F1AB8059700498E2A /* build-debug.xcconfig */,
				3047A5101AB8059700498E2A /* build-release.xcconfig */,
				3047A5111AB8059700498E2A /* build.xcconfig */,
			);
			name = config;
			sourceTree = "<group>";
		};
		307C750510C5A3420062BCA9 /* Plugins */ = {
			isa = PBXGroup;
			children = (
				661B4A18164C4A63A4DB5465 /* preferences.m */,
				BD9E8266E7D841A9A57493A6 /* preferences.h */,
				970EC00ED9334A149C5D477F /* CDVLogger.m */,
				21DEE257CE164F4487D9E05F /* CDVLogger.h */,
				72C7CFE6B2044227B3D37553 /* CDVDevice.m */,
				0C58011C3C0E46299760E714 /* CDVDevice.h */,
				1A862B580AC54495A80C13F1 /* CordovaFacebook.m */,
				C9C19667187542A197190F30 /* CordovaFacebook.h */,
				085FAC4327054336B3F59726 /* UniversalAnalyticsPlugin.m */,
				91A2D0580EE941D8A2BB1E5A /* UniversalAnalyticsPlugin.h */,
				A889A22F6F534804A0A2447C /* GAIDictionaryBuilder.h */,
				0DA887040F5C45C6B33A2216 /* GAIFields.h */,
				8D9C36AA6C4B4FAFB572B139 /* GAILogger.h */,
				9D2FE2866BAA48019424EF08 /* GAITrackedViewController.h */,
				5D944E78E9694BFBBD375150 /* GAI.h */,
				02F1FF805ED44C1695AF41D8 /* GAITracker.h */,
				4952BB43C11F4AC3B8EDF9F6 /* GAIEcommerceFields.h */,
				B6780DFBB2B64E7E9A85A4C4 /* GAIEcommerceProduct.h */,
				F45052C4F5624907A3DDD861 /* GAIEcommerceProductAction.h */,
				2A2EB3C41AF843D0A6282FE0 /* GAIEcommercePromotion.h */,
				F193C5BC83DF45678E42F5F7 /* AppDelegate+APPRegisterUserNotificationSettings.m */,
				166E7C8AFD6E436D8DB29A71 /* AppDelegate+APPRegisterUserNotificationSettings.h */,
				437498890246465BB3F58157 /* APPLocalNotification.m */,
				9DF3FEA172F8446F894BA34A /* APPLocalNotificationOptions.m */,
				4AABACCFC4494D2EB70EAB15 /* UIApplication+APPLocalNotification.m */,
				052CFBC1FEEF460794EA6759 /* UILocalNotification+APPLocalNotification.m */,
				E3AB14FEBE8845E884B42810 /* APPLocalNotification.h */,
				C704C5B82CC84817BBA7E09F /* APPLocalNotificationOptions.h */,
				0A0384880953415AB5A197DF /* UIApplication+APPLocalNotification.h */,
				3796A29398DD47C387812D56 /* UILocalNotification+APPLocalNotification.h */,
				8726DC5C480F4E7B94E861CA /* CDVFile.m */,
				AA4A2B1E301B42A896C8D1F5 /* CDVLocalFilesystem.m */,
				AAEA72C1A72F4519A3169DBE /* CDVAssetLibraryFilesystem.m */,
				93EB99EE51AA4BE69705415B /* CDVFile.h */,
				06E2852A88A544EF90C703C6 /* CDVLocalFilesystem.h */,
				0018FC122CB64DF1B5756339 /* CDVAssetLibraryFilesystem.h */,
				A38ED373DB4B49388A20C67F /* CDVInAppBrowser.m */,
				7BDB69F3922A4EA7B765AF6C /* CDVInAppBrowser.h */,
				CE0B9E98FA5A4E42BDDA39BD /* CDVSplashScreen.m */,
				4768A7044A034FC29A3F081A /* CDVViewController+SplashScreen.m */,
				F45D441EC1104A4A8E22AAEE /* CDVSplashScreen.h */,
				58917493BC0349848469BB6F /* CDVViewController+SplashScreen.h */,
				98ED376E540C42999968D19C /* CDVStatusBar.m */,
				FABDE72AA30C40359D5A13D4 /* CDVStatusBar.h */,
				A1101A8C3E0D4D7DA9EC5ECF /* InAppPurchase.m */,
				326C2549A99E440C9534B59B /* SKProduct+LocalizedPrice.m */,
				DE4F5C29646344A8B730C1A9 /* FileUtility.m */,
				1E83771D80014BDA91DBE22C /* InAppPurchase.h */,
				E5DBAE2C4D51420DBF448978 /* SKProduct+LocalizedPrice.h */,
				568427A471C343C8873CEF9E /* FileUtility.h */,
				5B200A9C78DC4E81903D1637 /* AppodealPlugin.m */,
				80410C9D3C34471AB8FC8A92 /* AppodealPlugin.h */,
			);
			name = Plugins;
			path = Findwords/Plugins;
			sourceTree = SOURCE_ROOT;
		};
		EB87FDF11871DA420020F90C /* Staging */ = {
			isa = PBXGroup;
			children = (
				F840E1F0165FE0F500CFE078 /* config.xml */,
				301BF56E109A69640062928A /* www */,
			);
			name = Staging;
			sourceTree = "<group>";
		};
/* End PBXGroup section */

/* Begin PBXNativeTarget section */
		1D6058900D05DD3D006BFB54 /* Findwords */ = {
			isa = PBXNativeTarget;
			buildConfigurationList = 1D6058960D05DD3E006BFB54 /* Build configuration list for PBXNativeTarget "Findwords" */;
			buildPhases = (
				304B58A110DAC018002A0835 /* Copy www directory */,
				1D60588D0D05DD3D006BFB54 /* Resources */,
				1D60588E0D05DD3D006BFB54 /* Sources */,
				1D60588F0D05DD3D006BFB54 /* Frameworks */,
			);
			buildRules = (
			);
			dependencies = (
				301BF551109A68C00062928A /* PBXTargetDependency */,
			);
			name = Findwords;
			productName = Findwords;
			productReference = 1D6058910D05DD3D006BFB54 /* Findwords.app */;
			productType = "com.apple.product-type.application";
		};
/* End PBXNativeTarget section */

/* Begin PBXProject section */
		29B97313FDCFA39411CA2CEA /* Project object */ = {
			isa = PBXProject;
			attributes = {
				LastUpgradeCheck = 510;
			};
			buildConfigurationList = C01FCF4E08A954540054247B /* Build configuration list for PBXProject "Findwords" */;
			compatibilityVersion = "Xcode 3.2";
			developmentRegion = English;
			hasScannedForEncodings = 1;
			knownRegions = (
				en,
			);
			mainGroup = 29B97314FDCFA39411CA2CEA /* CustomTemplate */;
			projectDirPath = "";
			projectReferences = (
				{
					ProductGroup = 301BF52E109A57CC0062928A /* Products */;
					ProjectRef = 301BF52D109A57CC0062928A /* CordovaLib.xcodeproj */;
				},
			);
			projectRoot = "";
			targets = (
				1D6058900D05DD3D006BFB54 /* Findwords */,
			);
		};
/* End PBXProject section */

/* Begin PBXReferenceProxy section */
		301BF535109A57CC0062928A /* libCordova.a */ = {
			isa = PBXReferenceProxy;
			fileType = archive.ar;
			path = libCordova.a;
			remoteRef = 301BF534109A57CC0062928A /* PBXContainerItemProxy */;
			sourceTree = BUILT_PRODUCTS_DIR;
		};
/* End PBXReferenceProxy section */

/* Begin PBXResourcesBuildPhase section */
		1D60588D0D05DD3D006BFB54 /* Resources */ = {
			isa = PBXResourcesBuildPhase;
			buildActionMask = 2147483647;
			files = (
				302D95F214D2391D003F00A1 /* MainViewController.xib in Resources */,
				3047A5131AB8059700498E2A /* build-release.xcconfig in Resources */,
				3047A5141AB8059700498E2A /* build.xcconfig in Resources */,
				0207DA581B56EA530066E2B4 /* Images.xcassets in Resources */,
				3047A5121AB8059700498E2A /* build-debug.xcconfig in Resources */,
				D39EFC07DFEC43B5BF0D2592 /* __vungle.db in Resources */,
				90EC9FD9B49441EEAFC0F217 /* AdManagerAssets.bundle in Resources */,
				CDEFEDB16B594371B0B9B8DC /* appodeal_adbadge.png in Resources */,
				D21FE4217A17443691CA0981 /* appodeal_adbadge@2x.png in Resources */,
				E2D341C35D83483D8888F22B /* appodeal_adbadge@3x.png in Resources */,
				DA724731DBB840598115FB80 /* appodeal_close.png in Resources */,
				8701E9DA5C634E27B8CF968D /* appodeal_daa_icon.png in Resources */,
				27DCC834653F43ECB7AE1DAF /* appodeal_mute_off.png in Resources */,
				649A4E90B0AF4191A5ED0522 /* appodeal_mute_on.png in Resources */,
				0A0B6976921A4B08B42777DA /* appodeal_pattern.png in Resources */,
				FEE999342E0942AB85984114 /* appodeal_pattern@2x.png in Resources */,
				4E15AFA9590F4FD4A13422E7 /* MPAdBrowserController.nib in Resources */,
				82C347ED5F03432A8E15F3DA /* MPCloseBtn.png in Resources */,
				B35291C6637A47BD9E064271 /* MPCloseBtn@2x.png in Resources */,
				F2C6BC9529EE44D68801477C /* MPCloseBtn@3x.png in Resources */,
				6A491B70D25F4907802A573E /* MPCloseButtonX.png in Resources */,
				DB52A2585E55404A9FB4963D /* MPCloseButtonX@2x.png in Resources */,
				0AABD44AF0ED4B0D86090D20 /* MPCloseButtonX@3x.png in Resources */,
				13AE515ED4BE4F439F7EA914 /* MPDAAIcon.png in Resources */,
				1CE7F25B02D14B5D8C954302 /* MPDAAIcon@2x.png in Resources */,
				5B7F6D52F00446FCAD306454 /* MPDAAIcon@3x.png in Resources */,
				CBC0921778514ED2A36C12BC /* MPMutedBtn@1x.png in Resources */,
				505B5756F1684451B529CD8F /* MPMutedBtn@2x.png in Resources */,
				B7A0E311696641D4B791EE6E /* MPMutedBtn@3x.png in Resources */,
				D2E167CED7D2463884378124 /* MPPlayBtn.png in Resources */,
				43A15D906C7B4A41BB04C4C7 /* MPPlayBtn@2x.png in Resources */,
				911C0245A99244E19C6430D7 /* MPPlayBtn@3x.png in Resources */,
				18EE44ED44CA467C8B05431C /* MPUnmutedBtn@1x.png in Resources */,
				4490C2704ADF4EBC96F2B525 /* MPUnmutedBtn@2x.png in Resources */,
				2014EB6AB78C42798E77FA39 /* MPUnmutedBtn@3x.png in Resources */,
				0C400BB913954FF29497ECED /* MRAID.bundle in Resources */,
				FE83D92B25A94E5D90558D48 /* RFMAdSDK.bundle in Resources */,
				CE0AA5DDCE7943BC8F5DB3CF /* StartApp.bundle in Resources */,
				3AA4B8EE3A94499990EAF67D /* SVProgressHUD.bundle in Resources */,
				B3DDE8B600C846FEBF1A92D2 /* UnityAds.bundle in Resources */,
				C32E6D8880314DD8AE346C47 /* vg_close.png in Resources */,
				9CC536E89AC04B549A0C97A5 /* vg_cta.png in Resources */,
				7C159B0A1FD64921A97764B3 /* vg_mute_off.png in Resources */,
				901AB315F92C46ACB50C1AA2 /* vg_mute_on.png in Resources */,
				CEAC3C466ECE472ABE10209C /* vg_privacy.png in Resources */,
			);
			runOnlyForDeploymentPostprocessing = 0;
		};
/* End PBXResourcesBuildPhase section */

/* Begin PBXShellScriptBuildPhase section */
		304B58A110DAC018002A0835 /* Copy www directory */ = {
			isa = PBXShellScriptBuildPhase;
			buildActionMask = 2147483647;
			files = (
			);
			inputPaths = (
			);
			name = "Copy www directory";
			outputPaths = (
			);
			runOnlyForDeploymentPostprocessing = 0;
			shellPath = /bin/sh;
			shellScript = "NODEJS_PATH=/usr/local/bin; NVM_NODE_PATH=~/.nvm/versions/node/`nvm version 2>/dev/null`/bin; N_NODE_PATH=`find /usr/local/n/versions/node/* -maxdepth 0 -type d 2>/dev/null | tail -1`/bin; XCODE_NODE_PATH=`xcode-select --print-path`/usr/share/xcs/Node/bin; PATH=$NODEJS_PATH:$NVM_NODE_PATH:$N_NODE_PATH:$XCODE_NODE_PATH:$PATH && node cordova/lib/copy-www-build-step.js";
			showEnvVarsInLog = 0;
		};
/* End PBXShellScriptBuildPhase section */

/* Begin PBXSourcesBuildPhase section */
		1D60588E0D05DD3D006BFB54 /* Sources */ = {
			isa = PBXSourcesBuildPhase;
			buildActionMask = 2147483647;
			files = (
				1D60589B0D05DD56006BFB54 /* main.m in Sources */,
				1D3623260D0F684500981E51 /* AppDelegate.m in Sources */,
				302D95F114D2391D003F00A1 /* MainViewController.m in Sources */,
				DE23648B97FB4D4C941B26A6 /* preferences.m in Sources */,
				2E39A12979694904A40E36E7 /* CDVLogger.m in Sources */,
				8A4989A9B54B4B8B8DDAE3DA /* CDVDevice.m in Sources */,
				7B7C2E5B3A5D48C88B702064 /* CordovaFacebook.m in Sources */,
				2CA333B5247C4A9FA1DC7FDD /* UniversalAnalyticsPlugin.m in Sources */,
				7191412045FA423397C628D7 /* AppDelegate+APPRegisterUserNotificationSettings.m in Sources */,
				1DD4E723DC904793BFC54A74 /* APPLocalNotification.m in Sources */,
				1F65A55451454D8CB68B7B8F /* APPLocalNotificationOptions.m in Sources */,
				D8E749BA9E5A465C8C9F2D06 /* UIApplication+APPLocalNotification.m in Sources */,
				7FCD3E868C864AF2978E0855 /* UILocalNotification+APPLocalNotification.m in Sources */,
				665890B0E2224C948DBE65E5 /* CDVFile.m in Sources */,
				E5F2E6B2F01847FBBE517C24 /* CDVLocalFilesystem.m in Sources */,
				A40C766E5B914AE786C57BB4 /* CDVAssetLibraryFilesystem.m in Sources */,
				83670469423244F9B8BE3526 /* CDVInAppBrowser.m in Sources */,
				DC921FB52B7647C68B8444B8 /* CDVSplashScreen.m in Sources */,
				CDE1552325924433A41F93F3 /* CDVViewController+SplashScreen.m in Sources */,
				E95B14BCEFE24334BC8520D2 /* CDVStatusBar.m in Sources */,
				859955DECFBE4E11AB155283 /* InAppPurchase.m in Sources */,
				B2435DFA989245C9AAD60846 /* SKProduct+LocalizedPrice.m in Sources */,
				0D90EC07BBDD420DA80C2FA1 /* FileUtility.m in Sources */,
				1BE7D7DF84F1451AA3D890D1 /* AppodealPlugin.m in Sources */,
			);
			runOnlyForDeploymentPostprocessing = 0;
		};
/* End PBXSourcesBuildPhase section */

/* Begin PBXTargetDependency section */
		301BF551109A68C00062928A /* PBXTargetDependency */ = {
			isa = PBXTargetDependency;
			name = CordovaLib;
			targetProxy = 301BF550109A68C00062928A /* PBXContainerItemProxy */;
		};
/* End PBXTargetDependency section */

/* Begin XCBuildConfiguration section */
		1D6058940D05DD3E006BFB54 /* Debug */ = {
			isa = XCBuildConfiguration;
			baseConfigurationReference = 3047A50F1AB8059700498E2A /* build-debug.xcconfig */;
			buildSettings = {
				ALWAYS_SEARCH_USER_PATHS = NO;
				ASSETCATALOG_COMPILER_APPICON_NAME = AppIcon;
				ASSETCATALOG_COMPILER_LAUNCHIMAGE_NAME = LaunchImage;
				CLANG_ENABLE_MODULES = YES;
				CLANG_ENABLE_OBJC_ARC = YES;
				COPY_PHASE_STRIP = NO;
				FRAMEWORK_SEARCH_PATHS = (
					"$(inherited)",
					"Findwords/Plugins/cordova-plugin-facebook",
					"Findwords/Plugins/cordova-plugin-facebook",
					"Findwords/Plugins/cordova-plugin-facebook",
					Findwords/Plugins/com.appodeal.plugin,
					"$(PROJECT_DIR)/Findwords/Plugins/cordova-plugin-facebook",
				);
				GCC_DYNAMIC_NO_PIC = NO;
				GCC_OPTIMIZATION_LEVEL = 0;
				GCC_PRECOMPILE_PREFIX_HEADER = YES;
				GCC_PREFIX_HEADER = "Findwords/Findwords-Prefix.pch";
				GCC_THUMB_SUPPORT = NO;
				GCC_VERSION = "";
				INFOPLIST_FILE = "Findwords/Findwords-Info.plist";
				LD_RUNPATH_SEARCH_PATHS = "@executable_path/Frameworks";
				LIBRARY_SEARCH_PATHS = (
					"$(inherited)",
					"\"$(SRCROOT)/Findwords/Plugins/cordova-plugin-google-analytics\"",
				);
				PRODUCT_NAME = Findwords;
			};
			name = Debug;
		};
		1D6058950D05DD3E006BFB54 /* Release */ = {
			isa = XCBuildConfiguration;
			baseConfigurationReference = 3047A5101AB8059700498E2A /* build-release.xcconfig */;
			buildSettings = {
				ALWAYS_SEARCH_USER_PATHS = NO;
				ASSETCATALOG_COMPILER_APPICON_NAME = AppIcon;
				ASSETCATALOG_COMPILER_LAUNCHIMAGE_NAME = LaunchImage;
				CLANG_ENABLE_MODULES = YES;
				CLANG_ENABLE_OBJC_ARC = YES;
				COPY_PHASE_STRIP = YES;
				FRAMEWORK_SEARCH_PATHS = (
					"$(inherited)",
					"Findwords/Plugins/cordova-plugin-facebook",
					"Findwords/Plugins/cordova-plugin-facebook",
					"Findwords/Plugins/cordova-plugin-facebook",
					Findwords/Plugins/com.appodeal.plugin,
					"$(PROJECT_DIR)/Findwords/Plugins/cordova-plugin-facebook",
				);
				GCC_PRECOMPILE_PREFIX_HEADER = YES;
				GCC_PREFIX_HEADER = "Findwords/Findwords-Prefix.pch";
				GCC_THUMB_SUPPORT = NO;
				GCC_VERSION = "";
				INFOPLIST_FILE = "Findwords/Findwords-Info.plist";
				LIBRARY_SEARCH_PATHS = (
					"$(inherited)",
					"\"$(SRCROOT)/Findwords/Plugins/cordova-plugin-google-analytics\"",
				);
				PRODUCT_NAME = Findwords;
			};
			name = Release;
		};
		C01FCF4F08A954540054247B /* Debug */ = {
			isa = XCBuildConfiguration;
			baseConfigurationReference = 3047A5111AB8059700498E2A /* build.xcconfig */;
			buildSettings = {
				CLANG_ENABLE_MODULES = YES;
				CLANG_ENABLE_OBJC_ARC = YES;
				CLANG_WARN_BOOL_CONVERSION = YES;
				CLANG_WARN_CONSTANT_CONVERSION = YES;
				CLANG_WARN_EMPTY_BODY = YES;
				CLANG_WARN_ENUM_CONVERSION = YES;
				CLANG_WARN_INT_CONVERSION = YES;
				CLANG_WARN__DUPLICATE_METHOD_MATCH = YES;
				GCC_C_LANGUAGE_STANDARD = c99;
				GCC_THUMB_SUPPORT = NO;
				GCC_VERSION = "";
				GCC_WARN_ABOUT_RETURN_TYPE = YES;
				GCC_WARN_UNDECLARED_SELECTOR = YES;
				GCC_WARN_UNINITIALIZED_AUTOS = YES;
				GCC_WARN_UNUSED_FUNCTION = YES;
				GCC_WARN_UNUSED_VARIABLE = YES;
				ONLY_ACTIVE_ARCH = YES;
				SDKROOT = iphoneos;
				SKIP_INSTALL = NO;
			};
			name = Debug;
		};
		C01FCF5008A954540054247B /* Release */ = {
			isa = XCBuildConfiguration;
			baseConfigurationReference = 3047A5111AB8059700498E2A /* build.xcconfig */;
			buildSettings = {
				CLANG_ENABLE_MODULES = YES;
				CLANG_ENABLE_OBJC_ARC = YES;
				CLANG_WARN_BOOL_CONVERSION = YES;
				CLANG_WARN_CONSTANT_CONVERSION = YES;
				CLANG_WARN_EMPTY_BODY = YES;
				CLANG_WARN_ENUM_CONVERSION = YES;
				CLANG_WARN_INT_CONVERSION = YES;
				CLANG_WARN__DUPLICATE_METHOD_MATCH = YES;
				GCC_C_LANGUAGE_STANDARD = c99;
				GCC_THUMB_SUPPORT = NO;
				GCC_VERSION = "";
				GCC_WARN_ABOUT_RETURN_TYPE = YES;
				GCC_WARN_UNDECLARED_SELECTOR = YES;
				GCC_WARN_UNINITIALIZED_AUTOS = YES;
				GCC_WARN_UNUSED_FUNCTION = YES;
				GCC_WARN_UNUSED_VARIABLE = YES;
				SDKROOT = iphoneos;
				SKIP_INSTALL = NO;
			};
			name = Release;
		};
/* End XCBuildConfiguration section */

/* Begin XCConfigurationList section */
		1D6058960D05DD3E006BFB54 /* Build configuration list for PBXNativeTarget "Findwords" */ = {
			isa = XCConfigurationList;
			buildConfigurations = (
				1D6058940D05DD3E006BFB54 /* Debug */,
				1D6058950D05DD3E006BFB54 /* Release */,
			);
			defaultConfigurationIsVisible = 0;
			defaultConfigurationName = Release;
		};
		C01FCF4E08A954540054247B /* Build configuration list for PBXProject "Findwords" */ = {
			isa = XCConfigurationList;
			buildConfigurations = (
				C01FCF4F08A954540054247B /* Debug */,
				C01FCF5008A954540054247B /* Release */,
			);
			defaultConfigurationIsVisible = 0;
			defaultConfigurationName = Release;
		};
/* End XCConfigurationList section */
	};
	rootObject = 29B97313FDCFA39411CA2CEA /* Project object */;
}
